// !$*UTF8*$!
{
	archiveVersion = 1;
	classes = {
	};
	objectVersion = 50;
	objects = {

/* Begin PBXBuildFile section */
		241C380A2140C5F40062DCD3 /* AppDelegate.m in Sources */ = {isa = PBXBuildFile; fileRef = 241C38092140C5F40062DCD3 /* AppDelegate.m */; };
		241C380D2140C5F40062DCD3 /* ViewController.m in Sources */ = {isa = PBXBuildFile; fileRef = 241C380C2140C5F40062DCD3 /* ViewController.m */; };
		241C38102140C5F40062DCD3 /* Main.storyboard in Resources */ = {isa = PBXBuildFile; fileRef = 241C380E2140C5F40062DCD3 /* Main.storyboard */; };
		241C38122140C5F50062DCD3 /* Assets.xcassets in Resources */ = {isa = PBXBuildFile; fileRef = 241C38112140C5F50062DCD3 /* Assets.xcassets */; };
		241C38152140C5F50062DCD3 /* LaunchScreen.storyboard in Resources */ = {isa = PBXBuildFile; fileRef = 241C38132140C5F50062DCD3 /* LaunchScreen.storyboard */; };
		241C38182140C5F50062DCD3 /* main.m in Sources */ = {isa = PBXBuildFile; fileRef = 241C38172140C5F50062DCD3 /* main.m */; };
		241C38222140C5F60062DCD3 /* DemosTests.m in Sources */ = {isa = PBXBuildFile; fileRef = 241C38212140C5F60062DCD3 /* DemosTests.m */; };
		241C382D2140C5F60062DCD3 /* DemosUITests.m in Sources */ = {isa = PBXBuildFile; fileRef = 241C382C2140C5F60062DCD3 /* DemosUITests.m */; };
		241C383F2140CC530062DCD3 /* BasicViewController.m in Sources */ = {isa = PBXBuildFile; fileRef = 241C383B2140CC530062DCD3 /* BasicViewController.m */; };
		241C38402140CC530062DCD3 /* TZLNavigationController.m in Sources */ = {isa = PBXBuildFile; fileRef = 241C383E2140CC530062DCD3 /* TZLNavigationController.m */; };
		241C38442140CCAC0062DCD3 /* MainMenuViewController.m in Sources */ = {isa = PBXBuildFile; fileRef = 241C38432140CCAC0062DCD3 /* MainMenuViewController.m */; };
		241C38482140CD570062DCD3 /* DemoMenuViewController.m in Sources */ = {isa = PBXBuildFile; fileRef = 241C38472140CD570062DCD3 /* DemoMenuViewController.m */; };
		241C384D2140D0D20062DCD3 /* PullDownHeadViewController.m in Sources */ = {isa = PBXBuildFile; fileRef = 241C384C2140D0D20062DCD3 /* PullDownHeadViewController.m */; };
		241C3851214101760062DCD3 /* NSObject+Tools.m in Sources */ = {isa = PBXBuildFile; fileRef = 241C3850214101760062DCD3 /* NSObject+Tools.m */; };
		241C385F21410F880062DCD3 /* NSString+ToURL.m in Sources */ = {isa = PBXBuildFile; fileRef = 241C385321410F860062DCD3 /* NSString+ToURL.m */; };
		241C386021410F880062DCD3 /* UIViewController+TZLExtension.m in Sources */ = {isa = PBXBuildFile; fileRef = 241C385621410F870062DCD3 /* UIViewController+TZLExtension.m */; };
		241C386221410F880062DCD3 /* NSObject+NetWorking.m in Sources */ = {isa = PBXBuildFile; fileRef = 241C385B21410F870062DCD3 /* NSObject+NetWorking.m */; };
		241C386321410F880062DCD3 /* NSNumber+TZLExtension.m in Sources */ = {isa = PBXBuildFile; fileRef = 241C385C21410F870062DCD3 /* NSNumber+TZLExtension.m */; };
		241C3869214111F90062DCD3 /* TZLStretchyHeadView.m in Sources */ = {isa = PBXBuildFile; fileRef = 241C3868214111F90062DCD3 /* TZLStretchyHeadView.m */; };
		241C386C2141136D0062DCD3 /* UIView+TZLFrame.m in Sources */ = {isa = PBXBuildFile; fileRef = 241C386A2141136C0062DCD3 /* UIView+TZLFrame.m */; };
		241C386F2141190C0062DCD3 /* UIView+TZLExtension.m in Sources */ = {isa = PBXBuildFile; fileRef = 241C386E2141190C0062DCD3 /* UIView+TZLExtension.m */; };
		241C3872214124B30062DCD3 /* UINavigationController+TZLStatusBarStyle.m in Sources */ = {isa = PBXBuildFile; fileRef = 241C3871214124B30062DCD3 /* UINavigationController+TZLStatusBarStyle.m */; };
		241C3877214767F00062DCD3 /* TZLWaterfallViewController.m in Sources */ = {isa = PBXBuildFile; fileRef = 241C3876214767F00062DCD3 /* TZLWaterfallViewController.m */; };
		241C387B214769C30062DCD3 /* TZLCollectionViewWaterfallLayout.m in Sources */ = {isa = PBXBuildFile; fileRef = 241C387A214769C30062DCD3 /* TZLCollectionViewWaterfallLayout.m */; };
		241C387E2147A0030062DCD3 /* TZLWaterfallCollectionViewCell.m in Sources */ = {isa = PBXBuildFile; fileRef = 241C387D2147A0030062DCD3 /* TZLWaterfallCollectionViewCell.m */; };
		241C38A521533CBF0062DCD3 /* TZLStudyViewController.m in Sources */ = {isa = PBXBuildFile; fileRef = 241C38A421533CBE0062DCD3 /* TZLStudyViewController.m */; };
		241C38A921533D390062DCD3 /* TZLEmitterViewController.m in Sources */ = {isa = PBXBuildFile; fileRef = 241C38A821533D390062DCD3 /* TZLEmitterViewController.m */; };
		241C38AC21533E2A0062DCD3 /* TZLEmitterRainViewController.m in Sources */ = {isa = PBXBuildFile; fileRef = 241C38AB21533E2A0062DCD3 /* TZLEmitterRainViewController.m */; };
		2439001C2191330B0003D47F /* TZLAddVCAnimatedTransitioning.m in Sources */ = {isa = PBXBuildFile; fileRef = 2439001B2191330B0003D47F /* TZLAddVCAnimatedTransitioning.m */; };
		2439001F219135590003D47F /* TZLAddVCContextTransitioning.m in Sources */ = {isa = PBXBuildFile; fileRef = 2439001E219135590003D47F /* TZLAddVCContextTransitioning.m */; };
		243900232192B5000003D47F /* TZLViewLoadingAnimationViewController.m in Sources */ = {isa = PBXBuildFile; fileRef = 243900222192B5000003D47F /* TZLViewLoadingAnimationViewController.m */; };
		243900272193D3740003D47F /* TZLLoadingViewAnimation.m in Sources */ = {isa = PBXBuildFile; fileRef = 243900262193D3740003D47F /* TZLLoadingViewAnimation.m */; };
		2439002A2193D5BF0003D47F /* UIView+TZLLoadingAnimation.m in Sources */ = {isa = PBXBuildFile; fileRef = 243900292193D5BF0003D47F /* UIView+TZLLoadingAnimation.m */; };
		243900302194277F0003D47F /* TZLLoadingTableViewCell.m in Sources */ = {isa = PBXBuildFile; fileRef = 2439002F2194277F0003D47F /* TZLLoadingTableViewCell.m */; };
		243A0A55217967E6009EFCC8 /* Model.xcdatamodeld in Sources */ = {isa = PBXBuildFile; fileRef = 243A0A53217967E5009EFCC8 /* Model.xcdatamodeld */; };
		243A0A6121796FCA009EFCC8 /* General+CoreDataProperties.m in Sources */ = {isa = PBXBuildFile; fileRef = 243A0A5E21796FCA009EFCC8 /* General+CoreDataProperties.m */; };
		243A0A6221796FCA009EFCC8 /* General+CoreDataClass.m in Sources */ = {isa = PBXBuildFile; fileRef = 243A0A5F21796FCA009EFCC8 /* General+CoreDataClass.m */; };
		243A0A6521797008009EFCC8 /* TZLCoreDataManager.m in Sources */ = {isa = PBXBuildFile; fileRef = 243A0A6421797008009EFCC8 /* TZLCoreDataManager.m */; };
		243A0A692179AF50009EFCC8 /* TZLGamesMenuViewController.m in Sources */ = {isa = PBXBuildFile; fileRef = 243A0A682179AF50009EFCC8 /* TZLGamesMenuViewController.m */; };
		243A0A6D2179B005009EFCC8 /* LHMakeRoleViewController.m in Sources */ = {isa = PBXBuildFile; fileRef = 243A0A6C2179B005009EFCC8 /* LHMakeRoleViewController.m */; };
		243A0A712179D3E8009EFCC8 /* LHManagerViewController.m in Sources */ = {isa = PBXBuildFile; fileRef = 243A0A702179D3E8009EFCC8 /* LHManagerViewController.m */; };
		243A0A772179D4B4009EFCC8 /* LHMakeRoleView.m in Sources */ = {isa = PBXBuildFile; fileRef = 243A0A762179D4B4009EFCC8 /* LHMakeRoleView.m */; };
		243A0A7C2179D7D0009EFCC8 /* LunHui.xcdatamodeld in Sources */ = {isa = PBXBuildFile; fileRef = 243A0A7A2179D7D0009EFCC8 /* LunHui.xcdatamodeld */; };
		243A0A812179DA2F009EFCC8 /* Entity+CoreDataClass.m in Sources */ = {isa = PBXBuildFile; fileRef = 243A0A7E2179DA2E009EFCC8 /* Entity+CoreDataClass.m */; };
		243A0A822179DA2F009EFCC8 /* Entity+CoreDataProperties.m in Sources */ = {isa = PBXBuildFile; fileRef = 243A0A802179DA2F009EFCC8 /* Entity+CoreDataProperties.m */; };
		243A0A87217EC928009EFCC8 /* TYCViewController.m in Sources */ = {isa = PBXBuildFile; fileRef = 243A0A86217EC928009EFCC8 /* TYCViewController.m */; };
		243A0A8B218016A2009EFCC8 /* TZLAddVCMeunViewController.m in Sources */ = {isa = PBXBuildFile; fileRef = 243A0A8A218016A2009EFCC8 /* TZLAddVCMeunViewController.m */; };
		243A0A8E2180172B009EFCC8 /* TZLAddVCOneViewController.m in Sources */ = {isa = PBXBuildFile; fileRef = 243A0A8D2180172B009EFCC8 /* TZLAddVCOneViewController.m */; };
		243A0A912180173E009EFCC8 /* TZLChildViewController.m in Sources */ = {isa = PBXBuildFile; fileRef = 243A0A902180173E009EFCC8 /* TZLChildViewController.m */; };
		24427D1B215B0DC00002E7FC /* TZLAnimationViewController.m in Sources */ = {isa = PBXBuildFile; fileRef = 24427D1A215B0DC00002E7FC /* TZLAnimationViewController.m */; };
		24427D1F215B0E3C0002E7FC /* TZLTransformAnimationViewController.m in Sources */ = {isa = PBXBuildFile; fileRef = 24427D1E215B0E3C0002E7FC /* TZLTransformAnimationViewController.m */; };
		24427D23215B11FD0002E7FC /* TZLSubTransformViewController.m in Sources */ = {isa = PBXBuildFile; fileRef = 24427D22215B11FD0002E7FC /* TZLSubTransformViewController.m */; };
		24427D27215B13600002E7FC /* TZLCustomTransformAnimation.m in Sources */ = {isa = PBXBuildFile; fileRef = 24427D26215B13600002E7FC /* TZLCustomTransformAnimation.m */; };
		24427D30215B5C3F0002E7FC /* UIBarButtonItem+HZBarButtonItem.m in Sources */ = {isa = PBXBuildFile; fileRef = 24427D2E215B5C3F0002E7FC /* UIBarButtonItem+HZBarButtonItem.m */; };
		24427D37215B5C7B0002E7FC /* ZXPUnicode.m in Sources */ = {isa = PBXBuildFile; fileRef = 24427D35215B5C7B0002E7FC /* ZXPUnicode.m */; };
		24427D38215B5C7B0002E7FC /* NSObject+HZRuntime.m in Sources */ = {isa = PBXBuildFile; fileRef = 24427D36215B5C7B0002E7FC /* NSObject+HZRuntime.m */; };
		24427D3B215B68520002E7FC /* MKJPresentAnimator.m in Sources */ = {isa = PBXBuildFile; fileRef = 24427D39215B68520002E7FC /* MKJPresentAnimator.m */; };
		24427D45215CD96C0002E7FC /* TZLUIBezierPathTableViewController.m in Sources */ = {isa = PBXBuildFile; fileRef = 24427D44215CD96C0002E7FC /* TZLUIBezierPathTableViewController.m */; };
		24427D48215DB96D0002E7FC /* TZLSubUIBezierPathViewController.m in Sources */ = {isa = PBXBuildFile; fileRef = 24427D47215DB96D0002E7FC /* TZLSubUIBezierPathViewController.m */; };
		24427D4C215DBE020002E7FC /* TZLUIBezierPathView.m in Sources */ = {isa = PBXBuildFile; fileRef = 24427D4B215DBE020002E7FC /* TZLUIBezierPathView.m */; };
		24427D4F215F19AA0002E7FC /* HZWebViewController.m in Sources */ = {isa = PBXBuildFile; fileRef = 24427D4E215F19A90002E7FC /* HZWebViewController.m */; };
		2450815A21534A2F00C9657B /* TZLEmitterSnowViewController.m in Sources */ = {isa = PBXBuildFile; fileRef = 2450815921534A2F00C9657B /* TZLEmitterSnowViewController.m */; };
		2450815D21538D3A00C9657B /* TZLEmitterRedPackageViewController.m in Sources */ = {isa = PBXBuildFile; fileRef = 2450815C21538D3A00C9657B /* TZLEmitterRedPackageViewController.m */; };
		245081602153931C00C9657B /* TZLEmitterColorViewController.m in Sources */ = {isa = PBXBuildFile; fileRef = 2450815F2153931C00C9657B /* TZLEmitterColorViewController.m */; };
		2450816321549C7800C9657B /* TZLEmitterFireworksViewController.m in Sources */ = {isa = PBXBuildFile; fileRef = 2450816221549C7800C9657B /* TZLEmitterFireworksViewController.m */; };
		245081662154BE8900C9657B /* TZLEmitterLikeViewController.m in Sources */ = {isa = PBXBuildFile; fileRef = 245081652154BE8900C9657B /* TZLEmitterLikeViewController.m */; };
		2450816A2154BEBB00C9657B /* TZLLikeButton.m in Sources */ = {isa = PBXBuildFile; fileRef = 245081692154BEBB00C9657B /* TZLLikeButton.m */; };
		246B9042216DDB7A009EE2D9 /* TZLNetRequestViewController.m in Sources */ = {isa = PBXBuildFile; fileRef = 246B9041216DDB7A009EE2D9 /* TZLNetRequestViewController.m */; };
		246B909A21787464009EE2D9 /* STZBCard.plist in Resources */ = {isa = PBXBuildFile; fileRef = 246B909721787464009EE2D9 /* STZBCard.plist */; };
		246B909B21787464009EE2D9 /* DrawCardViewController.m in Sources */ = {isa = PBXBuildFile; fileRef = 246B909821787464009EE2D9 /* DrawCardViewController.m */; };
		246B909E21787617009EE2D9 /* TZLMyCardViewController.m in Sources */ = {isa = PBXBuildFile; fileRef = 246B909D21787617009EE2D9 /* TZLMyCardViewController.m */; };
		2495E40421990F240071BFAC /* TZLDistributionViewController.m in Sources */ = {isa = PBXBuildFile; fileRef = 2495E40321990F240071BFAC /* TZLDistributionViewController.m */; };
		2495E40A21991DE20071BFAC /* TZLSignRecordTVCell.m in Sources */ = {isa = PBXBuildFile; fileRef = 2495E40921991DE20071BFAC /* TZLSignRecordTVCell.m */; };
		249BB33E21A298AA00AA462A /* TZLStudyNaviViewController.m in Sources */ = {isa = PBXBuildFile; fileRef = 249BB33D21A298AA00AA462A /* TZLStudyNaviViewController.m */; };
		249BB34221A2B25700AA462A /* TZLFrameAndBoundsViewController.m in Sources */ = {isa = PBXBuildFile; fileRef = 249BB34121A2B25700AA462A /* TZLFrameAndBoundsViewController.m */; };
		249BB34521A3D94800AA462A /* UIViewController+TZLCusNavigation.m in Sources */ = {isa = PBXBuildFile; fileRef = 249BB34421A3D94800AA462A /* UIViewController+TZLCusNavigation.m */; };
		249BB34F21A4F29700AA462A /* UITableView+TZLExtension.m in Sources */ = {isa = PBXBuildFile; fileRef = 249BB34E21A4F29700AA462A /* UITableView+TZLExtension.m */; };
		249BB35421A5034C00AA462A /* UINavigationController+TZLExtension.m in Sources */ = {isa = PBXBuildFile; fileRef = 249BB35021A5034800AA462A /* UINavigationController+TZLExtension.m */; };
		249BB35921A5079900AA462A /* UICollectionView+TZLExtension.m in Sources */ = {isa = PBXBuildFile; fileRef = 249BB35821A5079900AA462A /* UICollectionView+TZLExtension.m */; };
		8905DD4D6799C4CC793A6C8D /* libPods-Demos.a in Frameworks */ = {isa = PBXBuildFile; fileRef = 8C45F144AD8DC2CF466534A4 /* libPods-Demos.a */; };
		B5E7BDFD2F6B1E9A5895BB70 /* libPods-DemosUITests.a in Frameworks */ = {isa = PBXBuildFile; fileRef = AE63D0B148E9A513BC2DDA17 /* libPods-DemosUITests.a */; };
		E930F04F03F9E5AC9726B4D0 /* libPods-DemosTests.a in Frameworks */ = {isa = PBXBuildFile; fileRef = DD1802709BD56D254446F32D /* libPods-DemosTests.a */; };
/* End PBXBuildFile section */

/* Begin PBXContainerItemProxy section */
		241C381E2140C5F60062DCD3 /* PBXContainerItemProxy */ = {
			isa = PBXContainerItemProxy;
			containerPortal = 241C37FD2140C5F40062DCD3 /* Project object */;
			proxyType = 1;
			remoteGlobalIDString = 241C38042140C5F40062DCD3;
			remoteInfo = Demos;
		};
		241C38292140C5F60062DCD3 /* PBXContainerItemProxy */ = {
			isa = PBXContainerItemProxy;
			containerPortal = 241C37FD2140C5F40062DCD3 /* Project object */;
			proxyType = 1;
			remoteGlobalIDString = 241C38042140C5F40062DCD3;
			remoteInfo = Demos;
		};
/* End PBXContainerItemProxy section */

/* Begin PBXFileReference section */
		241C38052140C5F40062DCD3 /* Demos.app */ = {isa = PBXFileReference; explicitFileType = wrapper.application; includeInIndex = 0; path = Demos.app; sourceTree = BUILT_PRODUCTS_DIR; };
		241C38082140C5F40062DCD3 /* AppDelegate.h */ = {isa = PBXFileReference; lastKnownFileType = sourcecode.c.h; path = AppDelegate.h; sourceTree = "<group>"; };
		241C38092140C5F40062DCD3 /* AppDelegate.m */ = {isa = PBXFileReference; lastKnownFileType = sourcecode.c.objc; path = AppDelegate.m; sourceTree = "<group>"; };
		241C380B2140C5F40062DCD3 /* ViewController.h */ = {isa = PBXFileReference; lastKnownFileType = sourcecode.c.h; path = ViewController.h; sourceTree = "<group>"; };
		241C380C2140C5F40062DCD3 /* ViewController.m */ = {isa = PBXFileReference; lastKnownFileType = sourcecode.c.objc; path = ViewController.m; sourceTree = "<group>"; };
		241C380F2140C5F40062DCD3 /* Base */ = {isa = PBXFileReference; lastKnownFileType = file.storyboard; name = Base; path = Base.lproj/Main.storyboard; sourceTree = "<group>"; };
		241C38112140C5F50062DCD3 /* Assets.xcassets */ = {isa = PBXFileReference; lastKnownFileType = folder.assetcatalog; path = Assets.xcassets; sourceTree = "<group>"; };
		241C38142140C5F50062DCD3 /* Base */ = {isa = PBXFileReference; lastKnownFileType = file.storyboard; name = Base; path = Base.lproj/LaunchScreen.storyboard; sourceTree = "<group>"; };
		241C38162140C5F50062DCD3 /* Info.plist */ = {isa = PBXFileReference; lastKnownFileType = text.plist.xml; path = Info.plist; sourceTree = "<group>"; };
		241C38172140C5F50062DCD3 /* main.m */ = {isa = PBXFileReference; lastKnownFileType = sourcecode.c.objc; path = main.m; sourceTree = "<group>"; };
		241C381D2140C5F60062DCD3 /* DemosTests.xctest */ = {isa = PBXFileReference; explicitFileType = wrapper.cfbundle; includeInIndex = 0; path = DemosTests.xctest; sourceTree = BUILT_PRODUCTS_DIR; };
		241C38212140C5F60062DCD3 /* DemosTests.m */ = {isa = PBXFileReference; lastKnownFileType = sourcecode.c.objc; path = DemosTests.m; sourceTree = "<group>"; };
		241C38232140C5F60062DCD3 /* Info.plist */ = {isa = PBXFileReference; lastKnownFileType = text.plist.xml; path = Info.plist; sourceTree = "<group>"; };
		241C38282140C5F60062DCD3 /* DemosUITests.xctest */ = {isa = PBXFileReference; explicitFileType = wrapper.cfbundle; includeInIndex = 0; path = DemosUITests.xctest; sourceTree = BUILT_PRODUCTS_DIR; };
		241C382C2140C5F60062DCD3 /* DemosUITests.m */ = {isa = PBXFileReference; lastKnownFileType = sourcecode.c.objc; path = DemosUITests.m; sourceTree = "<group>"; };
		241C382E2140C5F60062DCD3 /* Info.plist */ = {isa = PBXFileReference; lastKnownFileType = text.plist.xml; path = Info.plist; sourceTree = "<group>"; };
		241C383B2140CC530062DCD3 /* BasicViewController.m */ = {isa = PBXFileReference; fileEncoding = 4; lastKnownFileType = sourcecode.c.objc; path = BasicViewController.m; sourceTree = "<group>"; };
		241C383C2140CC530062DCD3 /* TZLNavigationController.h */ = {isa = PBXFileReference; fileEncoding = 4; lastKnownFileType = sourcecode.c.h; path = TZLNavigationController.h; sourceTree = "<group>"; };
		241C383D2140CC530062DCD3 /* BasicViewController.h */ = {isa = PBXFileReference; fileEncoding = 4; lastKnownFileType = sourcecode.c.h; path = BasicViewController.h; sourceTree = "<group>"; };
		241C383E2140CC530062DCD3 /* TZLNavigationController.m */ = {isa = PBXFileReference; fileEncoding = 4; lastKnownFileType = sourcecode.c.objc; path = TZLNavigationController.m; sourceTree = "<group>"; };
		241C38422140CCAC0062DCD3 /* MainMenuViewController.h */ = {isa = PBXFileReference; lastKnownFileType = sourcecode.c.h; path = MainMenuViewController.h; sourceTree = "<group>"; };
		241C38432140CCAC0062DCD3 /* MainMenuViewController.m */ = {isa = PBXFileReference; lastKnownFileType = sourcecode.c.objc; path = MainMenuViewController.m; sourceTree = "<group>"; };
		241C38462140CD570062DCD3 /* DemoMenuViewController.h */ = {isa = PBXFileReference; lastKnownFileType = sourcecode.c.h; path = DemoMenuViewController.h; sourceTree = "<group>"; };
		241C38472140CD570062DCD3 /* DemoMenuViewController.m */ = {isa = PBXFileReference; lastKnownFileType = sourcecode.c.objc; path = DemoMenuViewController.m; sourceTree = "<group>"; };
		241C38492140CEB90062DCD3 /* PrefixHeader.pch */ = {isa = PBXFileReference; lastKnownFileType = sourcecode.c.h; path = PrefixHeader.pch; sourceTree = "<group>"; };
		241C384B2140D0D20062DCD3 /* PullDownHeadViewController.h */ = {isa = PBXFileReference; lastKnownFileType = sourcecode.c.h; path = PullDownHeadViewController.h; sourceTree = "<group>"; };
		241C384C2140D0D20062DCD3 /* PullDownHeadViewController.m */ = {isa = PBXFileReference; lastKnownFileType = sourcecode.c.objc; path = PullDownHeadViewController.m; sourceTree = "<group>"; };
		241C384F214101760062DCD3 /* NSObject+Tools.h */ = {isa = PBXFileReference; lastKnownFileType = sourcecode.c.h; path = "NSObject+Tools.h"; sourceTree = "<group>"; };
		241C3850214101760062DCD3 /* NSObject+Tools.m */ = {isa = PBXFileReference; lastKnownFileType = sourcecode.c.objc; path = "NSObject+Tools.m"; sourceTree = "<group>"; };
		241C385321410F860062DCD3 /* NSString+ToURL.m */ = {isa = PBXFileReference; fileEncoding = 4; lastKnownFileType = sourcecode.c.objc; path = "NSString+ToURL.m"; sourceTree = "<group>"; };
		241C385521410F870062DCD3 /* UIViewController+TZLExtension.h */ = {isa = PBXFileReference; fileEncoding = 4; lastKnownFileType = sourcecode.c.h; path = "UIViewController+TZLExtension.h"; sourceTree = "<group>"; };
		241C385621410F870062DCD3 /* UIViewController+TZLExtension.m */ = {isa = PBXFileReference; fileEncoding = 4; lastKnownFileType = sourcecode.c.objc; path = "UIViewController+TZLExtension.m"; sourceTree = "<group>"; };
		241C385A21410F870062DCD3 /* NSNumber+TZLExtension.h */ = {isa = PBXFileReference; fileEncoding = 4; lastKnownFileType = sourcecode.c.h; path = "NSNumber+TZLExtension.h"; sourceTree = "<group>"; };
		241C385B21410F870062DCD3 /* NSObject+NetWorking.m */ = {isa = PBXFileReference; fileEncoding = 4; lastKnownFileType = sourcecode.c.objc; path = "NSObject+NetWorking.m"; sourceTree = "<group>"; };
		241C385C21410F870062DCD3 /* NSNumber+TZLExtension.m */ = {isa = PBXFileReference; fileEncoding = 4; lastKnownFileType = sourcecode.c.objc; path = "NSNumber+TZLExtension.m"; sourceTree = "<group>"; };
		241C385D21410F880062DCD3 /* NSString+ToURL.h */ = {isa = PBXFileReference; fileEncoding = 4; lastKnownFileType = sourcecode.c.h; path = "NSString+ToURL.h"; sourceTree = "<group>"; };
		241C385E21410F880062DCD3 /* NSObject+NetWorking.h */ = {isa = PBXFileReference; fileEncoding = 4; lastKnownFileType = sourcecode.c.h; path = "NSObject+NetWorking.h"; sourceTree = "<group>"; };
		241C386521410FFE0062DCD3 /* Constants.h */ = {isa = PBXFileReference; lastKnownFileType = sourcecode.c.h; path = Constants.h; sourceTree = "<group>"; };
		241C3867214111F90062DCD3 /* TZLStretchyHeadView.h */ = {isa = PBXFileReference; lastKnownFileType = sourcecode.c.h; path = TZLStretchyHeadView.h; sourceTree = "<group>"; };
		241C3868214111F90062DCD3 /* TZLStretchyHeadView.m */ = {isa = PBXFileReference; lastKnownFileType = sourcecode.c.objc; path = TZLStretchyHeadView.m; sourceTree = "<group>"; };
		241C386A2141136C0062DCD3 /* UIView+TZLFrame.m */ = {isa = PBXFileReference; fileEncoding = 4; lastKnownFileType = sourcecode.c.objc; path = "UIView+TZLFrame.m"; sourceTree = "<group>"; };
		241C386B2141136D0062DCD3 /* UIView+TZLFrame.h */ = {isa = PBXFileReference; fileEncoding = 4; lastKnownFileType = sourcecode.c.h; path = "UIView+TZLFrame.h"; sourceTree = "<group>"; };
		241C386D2141190C0062DCD3 /* UIView+TZLExtension.h */ = {isa = PBXFileReference; lastKnownFileType = sourcecode.c.h; path = "UIView+TZLExtension.h"; sourceTree = "<group>"; };
		241C386E2141190C0062DCD3 /* UIView+TZLExtension.m */ = {isa = PBXFileReference; lastKnownFileType = sourcecode.c.objc; path = "UIView+TZLExtension.m"; sourceTree = "<group>"; };
		241C3870214124B30062DCD3 /* UINavigationController+TZLStatusBarStyle.h */ = {isa = PBXFileReference; lastKnownFileType = sourcecode.c.h; path = "UINavigationController+TZLStatusBarStyle.h"; sourceTree = "<group>"; };
		241C3871214124B30062DCD3 /* UINavigationController+TZLStatusBarStyle.m */ = {isa = PBXFileReference; lastKnownFileType = sourcecode.c.objc; path = "UINavigationController+TZLStatusBarStyle.m"; sourceTree = "<group>"; };
		241C3875214767F00062DCD3 /* TZLWaterfallViewController.h */ = {isa = PBXFileReference; lastKnownFileType = sourcecode.c.h; path = TZLWaterfallViewController.h; sourceTree = "<group>"; };
		241C3876214767F00062DCD3 /* TZLWaterfallViewController.m */ = {isa = PBXFileReference; lastKnownFileType = sourcecode.c.objc; path = TZLWaterfallViewController.m; sourceTree = "<group>"; };
		241C3879214769C30062DCD3 /* TZLCollectionViewWaterfallLayout.h */ = {isa = PBXFileReference; lastKnownFileType = sourcecode.c.h; path = TZLCollectionViewWaterfallLayout.h; sourceTree = "<group>"; };
		241C387A214769C30062DCD3 /* TZLCollectionViewWaterfallLayout.m */ = {isa = PBXFileReference; lastKnownFileType = sourcecode.c.objc; path = TZLCollectionViewWaterfallLayout.m; sourceTree = "<group>"; };
		241C387C2147A0030062DCD3 /* TZLWaterfallCollectionViewCell.h */ = {isa = PBXFileReference; lastKnownFileType = sourcecode.c.h; path = TZLWaterfallCollectionViewCell.h; sourceTree = "<group>"; };
		241C387D2147A0030062DCD3 /* TZLWaterfallCollectionViewCell.m */ = {isa = PBXFileReference; lastKnownFileType = sourcecode.c.objc; path = TZLWaterfallCollectionViewCell.m; sourceTree = "<group>"; };
		241C38A321533CBE0062DCD3 /* TZLStudyViewController.h */ = {isa = PBXFileReference; lastKnownFileType = sourcecode.c.h; path = TZLStudyViewController.h; sourceTree = "<group>"; };
		241C38A421533CBE0062DCD3 /* TZLStudyViewController.m */ = {isa = PBXFileReference; lastKnownFileType = sourcecode.c.objc; path = TZLStudyViewController.m; sourceTree = "<group>"; };
		241C38A721533D390062DCD3 /* TZLEmitterViewController.h */ = {isa = PBXFileReference; lastKnownFileType = sourcecode.c.h; path = TZLEmitterViewController.h; sourceTree = "<group>"; };
		241C38A821533D390062DCD3 /* TZLEmitterViewController.m */ = {isa = PBXFileReference; lastKnownFileType = sourcecode.c.objc; path = TZLEmitterViewController.m; sourceTree = "<group>"; };
		241C38AA21533E2A0062DCD3 /* TZLEmitterRainViewController.h */ = {isa = PBXFileReference; lastKnownFileType = sourcecode.c.h; path = TZLEmitterRainViewController.h; sourceTree = "<group>"; };
		241C38AB21533E2A0062DCD3 /* TZLEmitterRainViewController.m */ = {isa = PBXFileReference; lastKnownFileType = sourcecode.c.objc; path = TZLEmitterRainViewController.m; sourceTree = "<group>"; };
		2439001A2191330B0003D47F /* TZLAddVCAnimatedTransitioning.h */ = {isa = PBXFileReference; lastKnownFileType = sourcecode.c.h; path = TZLAddVCAnimatedTransitioning.h; sourceTree = "<group>"; };
		2439001B2191330B0003D47F /* TZLAddVCAnimatedTransitioning.m */ = {isa = PBXFileReference; lastKnownFileType = sourcecode.c.objc; path = TZLAddVCAnimatedTransitioning.m; sourceTree = "<group>"; };
		2439001D219135590003D47F /* TZLAddVCContextTransitioning.h */ = {isa = PBXFileReference; lastKnownFileType = sourcecode.c.h; path = TZLAddVCContextTransitioning.h; sourceTree = "<group>"; };
		2439001E219135590003D47F /* TZLAddVCContextTransitioning.m */ = {isa = PBXFileReference; lastKnownFileType = sourcecode.c.objc; path = TZLAddVCContextTransitioning.m; sourceTree = "<group>"; };
		243900212192B5000003D47F /* TZLViewLoadingAnimationViewController.h */ = {isa = PBXFileReference; lastKnownFileType = sourcecode.c.h; path = TZLViewLoadingAnimationViewController.h; sourceTree = "<group>"; };
		243900222192B5000003D47F /* TZLViewLoadingAnimationViewController.m */ = {isa = PBXFileReference; lastKnownFileType = sourcecode.c.objc; path = TZLViewLoadingAnimationViewController.m; sourceTree = "<group>"; };
		243900252193D3740003D47F /* TZLLoadingViewAnimation.h */ = {isa = PBXFileReference; lastKnownFileType = sourcecode.c.h; path = TZLLoadingViewAnimation.h; sourceTree = "<group>"; };
		243900262193D3740003D47F /* TZLLoadingViewAnimation.m */ = {isa = PBXFileReference; lastKnownFileType = sourcecode.c.objc; path = TZLLoadingViewAnimation.m; sourceTree = "<group>"; };
		243900282193D5BF0003D47F /* UIView+TZLLoadingAnimation.h */ = {isa = PBXFileReference; lastKnownFileType = sourcecode.c.h; path = "UIView+TZLLoadingAnimation.h"; sourceTree = "<group>"; };
		243900292193D5BF0003D47F /* UIView+TZLLoadingAnimation.m */ = {isa = PBXFileReference; lastKnownFileType = sourcecode.c.objc; path = "UIView+TZLLoadingAnimation.m"; sourceTree = "<group>"; };
		2439002E2194277F0003D47F /* TZLLoadingTableViewCell.h */ = {isa = PBXFileReference; lastKnownFileType = sourcecode.c.h; path = TZLLoadingTableViewCell.h; sourceTree = "<group>"; };
		2439002F2194277F0003D47F /* TZLLoadingTableViewCell.m */ = {isa = PBXFileReference; lastKnownFileType = sourcecode.c.objc; path = TZLLoadingTableViewCell.m; sourceTree = "<group>"; };
		243A0A54217967E5009EFCC8 /* Model.xcdatamodel */ = {isa = PBXFileReference; lastKnownFileType = wrapper.xcdatamodel; path = Model.xcdatamodel; sourceTree = "<group>"; };
		243A0A5D21796FC9009EFCC8 /* General+CoreDataClass.h */ = {isa = PBXFileReference; fileEncoding = 4; lastKnownFileType = sourcecode.c.h; path = "General+CoreDataClass.h"; sourceTree = "<group>"; };
		243A0A5E21796FCA009EFCC8 /* General+CoreDataProperties.m */ = {isa = PBXFileReference; fileEncoding = 4; lastKnownFileType = sourcecode.c.objc; path = "General+CoreDataProperties.m"; sourceTree = "<group>"; };
		243A0A5F21796FCA009EFCC8 /* General+CoreDataClass.m */ = {isa = PBXFileReference; fileEncoding = 4; lastKnownFileType = sourcecode.c.objc; path = "General+CoreDataClass.m"; sourceTree = "<group>"; };
		243A0A6021796FCA009EFCC8 /* General+CoreDataProperties.h */ = {isa = PBXFileReference; fileEncoding = 4; lastKnownFileType = sourcecode.c.h; path = "General+CoreDataProperties.h"; sourceTree = "<group>"; };
		243A0A6321797008009EFCC8 /* TZLCoreDataManager.h */ = {isa = PBXFileReference; lastKnownFileType = sourcecode.c.h; path = TZLCoreDataManager.h; sourceTree = "<group>"; };
		243A0A6421797008009EFCC8 /* TZLCoreDataManager.m */ = {isa = PBXFileReference; lastKnownFileType = sourcecode.c.objc; path = TZLCoreDataManager.m; sourceTree = "<group>"; };
		243A0A672179AF50009EFCC8 /* TZLGamesMenuViewController.h */ = {isa = PBXFileReference; lastKnownFileType = sourcecode.c.h; path = TZLGamesMenuViewController.h; sourceTree = "<group>"; };
		243A0A682179AF50009EFCC8 /* TZLGamesMenuViewController.m */ = {isa = PBXFileReference; lastKnownFileType = sourcecode.c.objc; path = TZLGamesMenuViewController.m; sourceTree = "<group>"; };
		243A0A6B2179B005009EFCC8 /* LHMakeRoleViewController.h */ = {isa = PBXFileReference; lastKnownFileType = sourcecode.c.h; path = LHMakeRoleViewController.h; sourceTree = "<group>"; };
		243A0A6C2179B005009EFCC8 /* LHMakeRoleViewController.m */ = {isa = PBXFileReference; lastKnownFileType = sourcecode.c.objc; path = LHMakeRoleViewController.m; sourceTree = "<group>"; };
		243A0A6F2179D3E8009EFCC8 /* LHManagerViewController.h */ = {isa = PBXFileReference; lastKnownFileType = sourcecode.c.h; path = LHManagerViewController.h; sourceTree = "<group>"; };
		243A0A702179D3E8009EFCC8 /* LHManagerViewController.m */ = {isa = PBXFileReference; lastKnownFileType = sourcecode.c.objc; path = LHManagerViewController.m; sourceTree = "<group>"; };
		243A0A732179D43C009EFCC8 /* LunHuiManager.h */ = {isa = PBXFileReference; lastKnownFileType = sourcecode.c.h; path = LunHuiManager.h; sourceTree = "<group>"; };
		243A0A752179D4B4009EFCC8 /* LHMakeRoleView.h */ = {isa = PBXFileReference; lastKnownFileType = sourcecode.c.h; path = LHMakeRoleView.h; sourceTree = "<group>"; };
		243A0A762179D4B4009EFCC8 /* LHMakeRoleView.m */ = {isa = PBXFileReference; lastKnownFileType = sourcecode.c.objc; path = LHMakeRoleView.m; sourceTree = "<group>"; };
		243A0A7B2179D7D0009EFCC8 /* LunHui.xcdatamodel */ = {isa = PBXFileReference; lastKnownFileType = wrapper.xcdatamodel; path = LunHui.xcdatamodel; sourceTree = "<group>"; };
		243A0A7D2179DA2E009EFCC8 /* Entity+CoreDataProperties.h */ = {isa = PBXFileReference; fileEncoding = 4; lastKnownFileType = sourcecode.c.h; path = "Entity+CoreDataProperties.h"; sourceTree = "<group>"; };
		243A0A7E2179DA2E009EFCC8 /* Entity+CoreDataClass.m */ = {isa = PBXFileReference; fileEncoding = 4; lastKnownFileType = sourcecode.c.objc; path = "Entity+CoreDataClass.m"; sourceTree = "<group>"; };
		243A0A7F2179DA2F009EFCC8 /* Entity+CoreDataClass.h */ = {isa = PBXFileReference; fileEncoding = 4; lastKnownFileType = sourcecode.c.h; path = "Entity+CoreDataClass.h"; sourceTree = "<group>"; };
		243A0A802179DA2F009EFCC8 /* Entity+CoreDataProperties.m */ = {isa = PBXFileReference; fileEncoding = 4; lastKnownFileType = sourcecode.c.objc; path = "Entity+CoreDataProperties.m"; sourceTree = "<group>"; };
		243A0A85217EC928009EFCC8 /* TYCViewController.h */ = {isa = PBXFileReference; lastKnownFileType = sourcecode.c.h; path = TYCViewController.h; sourceTree = "<group>"; };
		243A0A86217EC928009EFCC8 /* TYCViewController.m */ = {isa = PBXFileReference; lastKnownFileType = sourcecode.c.objc; path = TYCViewController.m; sourceTree = "<group>"; };
		243A0A89218016A2009EFCC8 /* TZLAddVCMeunViewController.h */ = {isa = PBXFileReference; lastKnownFileType = sourcecode.c.h; path = TZLAddVCMeunViewController.h; sourceTree = "<group>"; };
		243A0A8A218016A2009EFCC8 /* TZLAddVCMeunViewController.m */ = {isa = PBXFileReference; lastKnownFileType = sourcecode.c.objc; path = TZLAddVCMeunViewController.m; sourceTree = "<group>"; };
		243A0A8C2180172B009EFCC8 /* TZLAddVCOneViewController.h */ = {isa = PBXFileReference; lastKnownFileType = sourcecode.c.h; path = TZLAddVCOneViewController.h; sourceTree = "<group>"; };
		243A0A8D2180172B009EFCC8 /* TZLAddVCOneViewController.m */ = {isa = PBXFileReference; lastKnownFileType = sourcecode.c.objc; path = TZLAddVCOneViewController.m; sourceTree = "<group>"; };
		243A0A8F2180173E009EFCC8 /* TZLChildViewController.h */ = {isa = PBXFileReference; lastKnownFileType = sourcecode.c.h; path = TZLChildViewController.h; sourceTree = "<group>"; };
		243A0A902180173E009EFCC8 /* TZLChildViewController.m */ = {isa = PBXFileReference; lastKnownFileType = sourcecode.c.objc; path = TZLChildViewController.m; sourceTree = "<group>"; };
		24427D19215B0DC00002E7FC /* TZLAnimationViewController.h */ = {isa = PBXFileReference; lastKnownFileType = sourcecode.c.h; path = TZLAnimationViewController.h; sourceTree = "<group>"; };
		24427D1A215B0DC00002E7FC /* TZLAnimationViewController.m */ = {isa = PBXFileReference; lastKnownFileType = sourcecode.c.objc; path = TZLAnimationViewController.m; sourceTree = "<group>"; };
		24427D1D215B0E3C0002E7FC /* TZLTransformAnimationViewController.h */ = {isa = PBXFileReference; lastKnownFileType = sourcecode.c.h; path = TZLTransformAnimationViewController.h; sourceTree = "<group>"; };
		24427D1E215B0E3C0002E7FC /* TZLTransformAnimationViewController.m */ = {isa = PBXFileReference; lastKnownFileType = sourcecode.c.objc; path = TZLTransformAnimationViewController.m; sourceTree = "<group>"; };
		24427D21215B11FD0002E7FC /* TZLSubTransformViewController.h */ = {isa = PBXFileReference; lastKnownFileType = sourcecode.c.h; path = TZLSubTransformViewController.h; sourceTree = "<group>"; };
		24427D22215B11FD0002E7FC /* TZLSubTransformViewController.m */ = {isa = PBXFileReference; lastKnownFileType = sourcecode.c.objc; path = TZLSubTransformViewController.m; sourceTree = "<group>"; };
		24427D25215B13600002E7FC /* TZLCustomTransformAnimation.h */ = {isa = PBXFileReference; lastKnownFileType = sourcecode.c.h; path = TZLCustomTransformAnimation.h; sourceTree = "<group>"; };
		24427D26215B13600002E7FC /* TZLCustomTransformAnimation.m */ = {isa = PBXFileReference; lastKnownFileType = sourcecode.c.objc; path = TZLCustomTransformAnimation.m; sourceTree = "<group>"; };
		24427D2D215B5C3E0002E7FC /* UIBarButtonItem+HZBarButtonItem.h */ = {isa = PBXFileReference; fileEncoding = 4; lastKnownFileType = sourcecode.c.h; path = "UIBarButtonItem+HZBarButtonItem.h"; sourceTree = "<group>"; };
		24427D2E215B5C3F0002E7FC /* UIBarButtonItem+HZBarButtonItem.m */ = {isa = PBXFileReference; fileEncoding = 4; lastKnownFileType = sourcecode.c.objc; path = "UIBarButtonItem+HZBarButtonItem.m"; sourceTree = "<group>"; };
		24427D32215B5C7B0002E7FC /* NSObject+HZRuntime.h */ = {isa = PBXFileReference; fileEncoding = 4; lastKnownFileType = sourcecode.c.h; path = "NSObject+HZRuntime.h"; sourceTree = "<group>"; };
		24427D34215B5C7B0002E7FC /* ZXPUnicode.h */ = {isa = PBXFileReference; fileEncoding = 4; lastKnownFileType = sourcecode.c.h; path = ZXPUnicode.h; sourceTree = "<group>"; };
		24427D35215B5C7B0002E7FC /* ZXPUnicode.m */ = {isa = PBXFileReference; fileEncoding = 4; lastKnownFileType = sourcecode.c.objc; path = ZXPUnicode.m; sourceTree = "<group>"; };
		24427D36215B5C7B0002E7FC /* NSObject+HZRuntime.m */ = {isa = PBXFileReference; fileEncoding = 4; lastKnownFileType = sourcecode.c.objc; path = "NSObject+HZRuntime.m"; sourceTree = "<group>"; };
		24427D39215B68520002E7FC /* MKJPresentAnimator.m */ = {isa = PBXFileReference; fileEncoding = 4; lastKnownFileType = sourcecode.c.objc; path = MKJPresentAnimator.m; sourceTree = "<group>"; };
		24427D3A215B68520002E7FC /* MKJPresentAnimator.h */ = {isa = PBXFileReference; fileEncoding = 4; lastKnownFileType = sourcecode.c.h; path = MKJPresentAnimator.h; sourceTree = "<group>"; };
		24427D43215CD96C0002E7FC /* TZLUIBezierPathTableViewController.h */ = {isa = PBXFileReference; lastKnownFileType = sourcecode.c.h; path = TZLUIBezierPathTableViewController.h; sourceTree = "<group>"; };
		24427D44215CD96C0002E7FC /* TZLUIBezierPathTableViewController.m */ = {isa = PBXFileReference; lastKnownFileType = sourcecode.c.objc; path = TZLUIBezierPathTableViewController.m; sourceTree = "<group>"; };
		24427D46215DB96D0002E7FC /* TZLSubUIBezierPathViewController.h */ = {isa = PBXFileReference; lastKnownFileType = sourcecode.c.h; path = TZLSubUIBezierPathViewController.h; sourceTree = "<group>"; };
		24427D47215DB96D0002E7FC /* TZLSubUIBezierPathViewController.m */ = {isa = PBXFileReference; lastKnownFileType = sourcecode.c.objc; path = TZLSubUIBezierPathViewController.m; sourceTree = "<group>"; };
		24427D4A215DBE020002E7FC /* TZLUIBezierPathView.h */ = {isa = PBXFileReference; lastKnownFileType = sourcecode.c.h; path = TZLUIBezierPathView.h; sourceTree = "<group>"; };
		24427D4B215DBE020002E7FC /* TZLUIBezierPathView.m */ = {isa = PBXFileReference; lastKnownFileType = sourcecode.c.objc; path = TZLUIBezierPathView.m; sourceTree = "<group>"; };
		24427D4D215F19A90002E7FC /* HZWebViewController.h */ = {isa = PBXFileReference; fileEncoding = 4; lastKnownFileType = sourcecode.c.h; path = HZWebViewController.h; sourceTree = "<group>"; };
		24427D4E215F19A90002E7FC /* HZWebViewController.m */ = {isa = PBXFileReference; fileEncoding = 4; lastKnownFileType = sourcecode.c.objc; path = HZWebViewController.m; sourceTree = "<group>"; };
		24427D50215F1A0E0002E7FC /* Request.h */ = {isa = PBXFileReference; lastKnownFileType = sourcecode.c.h; path = Request.h; sourceTree = "<group>"; };
		2450815821534A2F00C9657B /* TZLEmitterSnowViewController.h */ = {isa = PBXFileReference; lastKnownFileType = sourcecode.c.h; path = TZLEmitterSnowViewController.h; sourceTree = "<group>"; };
		2450815921534A2F00C9657B /* TZLEmitterSnowViewController.m */ = {isa = PBXFileReference; lastKnownFileType = sourcecode.c.objc; path = TZLEmitterSnowViewController.m; sourceTree = "<group>"; };
		2450815B21538D3A00C9657B /* TZLEmitterRedPackageViewController.h */ = {isa = PBXFileReference; lastKnownFileType = sourcecode.c.h; path = TZLEmitterRedPackageViewController.h; sourceTree = "<group>"; };
		2450815C21538D3A00C9657B /* TZLEmitterRedPackageViewController.m */ = {isa = PBXFileReference; lastKnownFileType = sourcecode.c.objc; path = TZLEmitterRedPackageViewController.m; sourceTree = "<group>"; };
		2450815E2153931C00C9657B /* TZLEmitterColorViewController.h */ = {isa = PBXFileReference; lastKnownFileType = sourcecode.c.h; path = TZLEmitterColorViewController.h; sourceTree = "<group>"; };
		2450815F2153931C00C9657B /* TZLEmitterColorViewController.m */ = {isa = PBXFileReference; lastKnownFileType = sourcecode.c.objc; path = TZLEmitterColorViewController.m; sourceTree = "<group>"; };
		2450816121549C7800C9657B /* TZLEmitterFireworksViewController.h */ = {isa = PBXFileReference; lastKnownFileType = sourcecode.c.h; path = TZLEmitterFireworksViewController.h; sourceTree = "<group>"; };
		2450816221549C7800C9657B /* TZLEmitterFireworksViewController.m */ = {isa = PBXFileReference; lastKnownFileType = sourcecode.c.objc; path = TZLEmitterFireworksViewController.m; sourceTree = "<group>"; };
		245081642154BE8900C9657B /* TZLEmitterLikeViewController.h */ = {isa = PBXFileReference; lastKnownFileType = sourcecode.c.h; path = TZLEmitterLikeViewController.h; sourceTree = "<group>"; };
		245081652154BE8900C9657B /* TZLEmitterLikeViewController.m */ = {isa = PBXFileReference; lastKnownFileType = sourcecode.c.objc; path = TZLEmitterLikeViewController.m; sourceTree = "<group>"; };
		245081682154BEBB00C9657B /* TZLLikeButton.h */ = {isa = PBXFileReference; lastKnownFileType = sourcecode.c.h; path = TZLLikeButton.h; sourceTree = "<group>"; };
		245081692154BEBB00C9657B /* TZLLikeButton.m */ = {isa = PBXFileReference; lastKnownFileType = sourcecode.c.objc; path = TZLLikeButton.m; sourceTree = "<group>"; };
		246B9040216DDB7A009EE2D9 /* TZLNetRequestViewController.h */ = {isa = PBXFileReference; lastKnownFileType = sourcecode.c.h; path = TZLNetRequestViewController.h; sourceTree = "<group>"; };
		246B9041216DDB7A009EE2D9 /* TZLNetRequestViewController.m */ = {isa = PBXFileReference; lastKnownFileType = sourcecode.c.objc; path = TZLNetRequestViewController.m; sourceTree = "<group>"; };
		246B909721787464009EE2D9 /* STZBCard.plist */ = {isa = PBXFileReference; fileEncoding = 4; lastKnownFileType = text.plist.xml; path = STZBCard.plist; sourceTree = "<group>"; };
		246B909821787464009EE2D9 /* DrawCardViewController.m */ = {isa = PBXFileReference; fileEncoding = 4; lastKnownFileType = sourcecode.c.objc; path = DrawCardViewController.m; sourceTree = "<group>"; };
		246B909921787464009EE2D9 /* DrawCardViewController.h */ = {isa = PBXFileReference; fileEncoding = 4; lastKnownFileType = sourcecode.c.h; path = DrawCardViewController.h; sourceTree = "<group>"; };
		246B909C21787617009EE2D9 /* TZLMyCardViewController.h */ = {isa = PBXFileReference; lastKnownFileType = sourcecode.c.h; path = TZLMyCardViewController.h; sourceTree = "<group>"; };
		246B909D21787617009EE2D9 /* TZLMyCardViewController.m */ = {isa = PBXFileReference; lastKnownFileType = sourcecode.c.objc; path = TZLMyCardViewController.m; sourceTree = "<group>"; };
		2495E40221990F240071BFAC /* TZLDistributionViewController.h */ = {isa = PBXFileReference; lastKnownFileType = sourcecode.c.h; path = TZLDistributionViewController.h; sourceTree = "<group>"; };
		2495E40321990F240071BFAC /* TZLDistributionViewController.m */ = {isa = PBXFileReference; lastKnownFileType = sourcecode.c.objc; path = TZLDistributionViewController.m; sourceTree = "<group>"; };
		2495E40821991DE20071BFAC /* TZLSignRecordTVCell.h */ = {isa = PBXFileReference; lastKnownFileType = sourcecode.c.h; path = TZLSignRecordTVCell.h; sourceTree = "<group>"; };
		2495E40921991DE20071BFAC /* TZLSignRecordTVCell.m */ = {isa = PBXFileReference; lastKnownFileType = sourcecode.c.objc; path = TZLSignRecordTVCell.m; sourceTree = "<group>"; };
		249BB33C21A298AA00AA462A /* TZLStudyNaviViewController.h */ = {isa = PBXFileReference; lastKnownFileType = sourcecode.c.h; path = TZLStudyNaviViewController.h; sourceTree = "<group>"; };
		249BB33D21A298AA00AA462A /* TZLStudyNaviViewController.m */ = {isa = PBXFileReference; lastKnownFileType = sourcecode.c.objc; path = TZLStudyNaviViewController.m; sourceTree = "<group>"; };
		249BB34021A2B25700AA462A /* TZLFrameAndBoundsViewController.h */ = {isa = PBXFileReference; lastKnownFileType = sourcecode.c.h; path = TZLFrameAndBoundsViewController.h; sourceTree = "<group>"; };
		249BB34121A2B25700AA462A /* TZLFrameAndBoundsViewController.m */ = {isa = PBXFileReference; lastKnownFileType = sourcecode.c.objc; path = TZLFrameAndBoundsViewController.m; sourceTree = "<group>"; };
		249BB34321A3D94800AA462A /* UIViewController+TZLCusNavigation.h */ = {isa = PBXFileReference; lastKnownFileType = sourcecode.c.h; path = "UIViewController+TZLCusNavigation.h"; sourceTree = "<group>"; };
		249BB34421A3D94800AA462A /* UIViewController+TZLCusNavigation.m */ = {isa = PBXFileReference; lastKnownFileType = sourcecode.c.objc; path = "UIViewController+TZLCusNavigation.m"; sourceTree = "<group>"; };
		249BB34D21A4F29700AA462A /* UITableView+TZLExtension.h */ = {isa = PBXFileReference; lastKnownFileType = sourcecode.c.h; path = "UITableView+TZLExtension.h"; sourceTree = "<group>"; };
		249BB34E21A4F29700AA462A /* UITableView+TZLExtension.m */ = {isa = PBXFileReference; lastKnownFileType = sourcecode.c.objc; path = "UITableView+TZLExtension.m"; sourceTree = "<group>"; };
		249BB35021A5034800AA462A /* UINavigationController+TZLExtension.m */ = {isa = PBXFileReference; fileEncoding = 4; lastKnownFileType = sourcecode.c.objc; path = "UINavigationController+TZLExtension.m"; sourceTree = "<group>"; };
		249BB35121A5034900AA462A /* UINavigationController+TZLExtension.h */ = {isa = PBXFileReference; fileEncoding = 4; lastKnownFileType = sourcecode.c.h; path = "UINavigationController+TZLExtension.h"; sourceTree = "<group>"; };
		249BB35721A5079900AA462A /* UICollectionView+TZLExtension.h */ = {isa = PBXFileReference; lastKnownFileType = sourcecode.c.h; path = "UICollectionView+TZLExtension.h"; sourceTree = "<group>"; };
		249BB35821A5079900AA462A /* UICollectionView+TZLExtension.m */ = {isa = PBXFileReference; lastKnownFileType = sourcecode.c.objc; path = "UICollectionView+TZLExtension.m"; sourceTree = "<group>"; };
		3DFCFC38C5AF2E44D4538AEB /* Pods-Demos.release.xcconfig */ = {isa = PBXFileReference; includeInIndex = 1; lastKnownFileType = text.xcconfig; name = "Pods-Demos.release.xcconfig"; path = "Pods/Target Support Files/Pods-Demos/Pods-Demos.release.xcconfig"; sourceTree = "<group>"; };
		7BA44A7376F1FD8866CD5673 /* Pods-DemosTests.debug.xcconfig */ = {isa = PBXFileReference; includeInIndex = 1; lastKnownFileType = text.xcconfig; name = "Pods-DemosTests.debug.xcconfig"; path = "Pods/Target Support Files/Pods-DemosTests/Pods-DemosTests.debug.xcconfig"; sourceTree = "<group>"; };
		8C45F144AD8DC2CF466534A4 /* libPods-Demos.a */ = {isa = PBXFileReference; explicitFileType = archive.ar; includeInIndex = 0; path = "libPods-Demos.a"; sourceTree = BUILT_PRODUCTS_DIR; };
		9370C85997DB0C7FF81C1FB4 /* Pods-DemosUITests.debug.xcconfig */ = {isa = PBXFileReference; includeInIndex = 1; lastKnownFileType = text.xcconfig; name = "Pods-DemosUITests.debug.xcconfig"; path = "Pods/Target Support Files/Pods-DemosUITests/Pods-DemosUITests.debug.xcconfig"; sourceTree = "<group>"; };
		AE63D0B148E9A513BC2DDA17 /* libPods-DemosUITests.a */ = {isa = PBXFileReference; explicitFileType = archive.ar; includeInIndex = 0; path = "libPods-DemosUITests.a"; sourceTree = BUILT_PRODUCTS_DIR; };
		C2AA6CAD6B0C3DD4F82CF8F4 /* Pods-Demos.debug.xcconfig */ = {isa = PBXFileReference; includeInIndex = 1; lastKnownFileType = text.xcconfig; name = "Pods-Demos.debug.xcconfig"; path = "Pods/Target Support Files/Pods-Demos/Pods-Demos.debug.xcconfig"; sourceTree = "<group>"; };
		C5805E38D8C9BE8F766483B0 /* Pods-DemosTests.release.xcconfig */ = {isa = PBXFileReference; includeInIndex = 1; lastKnownFileType = text.xcconfig; name = "Pods-DemosTests.release.xcconfig"; path = "Pods/Target Support Files/Pods-DemosTests/Pods-DemosTests.release.xcconfig"; sourceTree = "<group>"; };
		D653504419A1C00392D3DA41 /* Pods-DemosUITests.release.xcconfig */ = {isa = PBXFileReference; includeInIndex = 1; lastKnownFileType = text.xcconfig; name = "Pods-DemosUITests.release.xcconfig"; path = "Pods/Target Support Files/Pods-DemosUITests/Pods-DemosUITests.release.xcconfig"; sourceTree = "<group>"; };
		DD1802709BD56D254446F32D /* libPods-DemosTests.a */ = {isa = PBXFileReference; explicitFileType = archive.ar; includeInIndex = 0; path = "libPods-DemosTests.a"; sourceTree = BUILT_PRODUCTS_DIR; };
/* End PBXFileReference section */

/* Begin PBXFrameworksBuildPhase section */
		241C38022140C5F40062DCD3 /* Frameworks */ = {
			isa = PBXFrameworksBuildPhase;
			buildActionMask = 2147483647;
			files = (
				8905DD4D6799C4CC793A6C8D /* libPods-Demos.a in Frameworks */,
			);
			runOnlyForDeploymentPostprocessing = 0;
		};
		241C381A2140C5F60062DCD3 /* Frameworks */ = {
			isa = PBXFrameworksBuildPhase;
			buildActionMask = 2147483647;
			files = (
				E930F04F03F9E5AC9726B4D0 /* libPods-DemosTests.a in Frameworks */,
			);
			runOnlyForDeploymentPostprocessing = 0;
		};
		241C38252140C5F60062DCD3 /* Frameworks */ = {
			isa = PBXFrameworksBuildPhase;
			buildActionMask = 2147483647;
			files = (
				B5E7BDFD2F6B1E9A5895BB70 /* libPods-DemosUITests.a in Frameworks */,
			);
			runOnlyForDeploymentPostprocessing = 0;
		};
/* End PBXFrameworksBuildPhase section */

/* Begin PBXGroup section */
		20CB1BE881A69928A13CF4A1 /* Pods */ = {
			isa = PBXGroup;
			children = (
				C2AA6CAD6B0C3DD4F82CF8F4 /* Pods-Demos.debug.xcconfig */,
				3DFCFC38C5AF2E44D4538AEB /* Pods-Demos.release.xcconfig */,
				7BA44A7376F1FD8866CD5673 /* Pods-DemosTests.debug.xcconfig */,
				C5805E38D8C9BE8F766483B0 /* Pods-DemosTests.release.xcconfig */,
				9370C85997DB0C7FF81C1FB4 /* Pods-DemosUITests.debug.xcconfig */,
				D653504419A1C00392D3DA41 /* Pods-DemosUITests.release.xcconfig */,
			);
			name = Pods;
			sourceTree = "<group>";
		};
		241C37FC2140C5F40062DCD3 = {
			isa = PBXGroup;
			children = (
				241C38072140C5F40062DCD3 /* Demos */,
				241C38202140C5F60062DCD3 /* DemosTests */,
				241C382B2140C5F60062DCD3 /* DemosUITests */,
				241C38062140C5F40062DCD3 /* Products */,
				20CB1BE881A69928A13CF4A1 /* Pods */,
				8A2CB9E6DBEAC8DB70BAA420 /* Frameworks */,
			);
			sourceTree = "<group>";
		};
		241C38062140C5F40062DCD3 /* Products */ = {
			isa = PBXGroup;
			children = (
				241C38052140C5F40062DCD3 /* Demos.app */,
				241C381D2140C5F60062DCD3 /* DemosTests.xctest */,
				241C38282140C5F60062DCD3 /* DemosUITests.xctest */,
			);
			name = Products;
			sourceTree = "<group>";
		};
		241C38072140C5F40062DCD3 /* Demos */ = {
			isa = PBXGroup;
			children = (
				241C386421410FD90062DCD3 /* Define */,
				243A0A5C21796F98009EFCC8 /* CoreData */,
				241C385221410F760062DCD3 /* Category */,
				241C384E2141015B0062DCD3 /* Tools */,
				241C383A2140CC530062DCD3 /* BasicViewController */,
				241C38412140CC970062DCD3 /* MainMenu */,
				241C38082140C5F40062DCD3 /* AppDelegate.h */,
				241C38092140C5F40062DCD3 /* AppDelegate.m */,
				241C380B2140C5F40062DCD3 /* ViewController.h */,
				241C380C2140C5F40062DCD3 /* ViewController.m */,
				241C380E2140C5F40062DCD3 /* Main.storyboard */,
				241C38112140C5F50062DCD3 /* Assets.xcassets */,
				241C38132140C5F50062DCD3 /* LaunchScreen.storyboard */,
				241C38162140C5F50062DCD3 /* Info.plist */,
				241C38172140C5F50062DCD3 /* main.m */,
			);
			path = Demos;
			sourceTree = "<group>";
		};
		241C38202140C5F60062DCD3 /* DemosTests */ = {
			isa = PBXGroup;
			children = (
				241C38212140C5F60062DCD3 /* DemosTests.m */,
				241C38232140C5F60062DCD3 /* Info.plist */,
			);
			path = DemosTests;
			sourceTree = "<group>";
		};
		241C382B2140C5F60062DCD3 /* DemosUITests */ = {
			isa = PBXGroup;
			children = (
				241C382C2140C5F60062DCD3 /* DemosUITests.m */,
				241C382E2140C5F60062DCD3 /* Info.plist */,
			);
			path = DemosUITests;
			sourceTree = "<group>";
		};
		241C383A2140CC530062DCD3 /* BasicViewController */ = {
			isa = PBXGroup;
			children = (
				24427D4D215F19A90002E7FC /* HZWebViewController.h */,
				24427D4E215F19A90002E7FC /* HZWebViewController.m */,
				241C383D2140CC530062DCD3 /* BasicViewController.h */,
				241C383B2140CC530062DCD3 /* BasicViewController.m */,
				241C383C2140CC530062DCD3 /* TZLNavigationController.h */,
				241C383E2140CC530062DCD3 /* TZLNavigationController.m */,
			);
			path = BasicViewController;
			sourceTree = "<group>";
		};
		241C38412140CC970062DCD3 /* MainMenu */ = {
			isa = PBXGroup;
			children = (
				241C38422140CCAC0062DCD3 /* MainMenuViewController.h */,
				241C38432140CCAC0062DCD3 /* MainMenuViewController.m */,
				243A0A85217EC928009EFCC8 /* TYCViewController.h */,
				243A0A86217EC928009EFCC8 /* TYCViewController.m */,
				243900202192B4D70003D47F /* ViewLoadingAnimation */,
				243A0A662179AEF8009EFCC8 /* Games */,
				24427D18215B0DAD0002E7FC /* Animation */,
				241C38A221533C8B0062DCD3 /* Study */,
				241C38452140CD300062DCD3 /* Demo */,
			);
			path = MainMenu;
			sourceTree = "<group>";
		};
		241C38452140CD300062DCD3 /* Demo */ = {
			isa = PBXGroup;
			children = (
				241C38462140CD570062DCD3 /* DemoMenuViewController.h */,
				241C38472140CD570062DCD3 /* DemoMenuViewController.m */,
				241C384A2140D0640062DCD3 /* DemoController */,
			);
			path = Demo;
			sourceTree = "<group>";
		};
		241C384A2140D0640062DCD3 /* DemoController */ = {
			isa = PBXGroup;
			children = (
				2495E40121990F080071BFAC /* DistributionView */,
				243A0A882180167B009EFCC8 /* AddChildController */,
				246B909621787464009EE2D9 /* DrawCard */,
				241C3874214767990062DCD3 /* FlowLayout */,
				241C3873214767780062DCD3 /* PullDown */,
			);
			path = DemoController;
			sourceTree = "<group>";
		};
		241C384E2141015B0062DCD3 /* Tools */ = {
			isa = PBXGroup;
			children = (
				241C384F214101760062DCD3 /* NSObject+Tools.h */,
				241C3850214101760062DCD3 /* NSObject+Tools.m */,
				241C386D2141190C0062DCD3 /* UIView+TZLExtension.h */,
				241C386E2141190C0062DCD3 /* UIView+TZLExtension.m */,
			);
			path = Tools;
			sourceTree = "<group>";
		};
		241C385221410F760062DCD3 /* Category */ = {
			isa = PBXGroup;
			children = (
				249BB35621A5077600AA462A /* UICollectionView */,
				249BB34C21A4F27200AA462A /* UITableView */,
				24427D31215B5C7B0002E7FC /* NSObject */,
				241C385421410F870062DCD3 /* UIViewController */,
				241C385721410F870062DCD3 /* NavigitationController */,
				241C386B2141136D0062DCD3 /* UIView+TZLFrame.h */,
				241C386A2141136C0062DCD3 /* UIView+TZLFrame.m */,
				241C385A21410F870062DCD3 /* NSNumber+TZLExtension.h */,
				241C385C21410F870062DCD3 /* NSNumber+TZLExtension.m */,
				241C385E21410F880062DCD3 /* NSObject+NetWorking.h */,
				241C385B21410F870062DCD3 /* NSObject+NetWorking.m */,
				241C385D21410F880062DCD3 /* NSString+ToURL.h */,
				241C385321410F860062DCD3 /* NSString+ToURL.m */,
			);
			path = Category;
			sourceTree = "<group>";
		};
		241C385421410F870062DCD3 /* UIViewController */ = {
			isa = PBXGroup;
			children = (
				241C385521410F870062DCD3 /* UIViewController+TZLExtension.h */,
				241C385621410F870062DCD3 /* UIViewController+TZLExtension.m */,
				249BB34321A3D94800AA462A /* UIViewController+TZLCusNavigation.h */,
				249BB34421A3D94800AA462A /* UIViewController+TZLCusNavigation.m */,
			);
			path = UIViewController;
			sourceTree = "<group>";
		};
		241C385721410F870062DCD3 /* NavigitationController */ = {
			isa = PBXGroup;
			children = (
				24427D2D215B5C3E0002E7FC /* UIBarButtonItem+HZBarButtonItem.h */,
				24427D2E215B5C3F0002E7FC /* UIBarButtonItem+HZBarButtonItem.m */,
				249BB35121A5034900AA462A /* UINavigationController+TZLExtension.h */,
				249BB35021A5034800AA462A /* UINavigationController+TZLExtension.m */,
				241C3870214124B30062DCD3 /* UINavigationController+TZLStatusBarStyle.h */,
				241C3871214124B30062DCD3 /* UINavigationController+TZLStatusBarStyle.m */,
			);
			path = NavigitationController;
			sourceTree = "<group>";
		};
		241C386421410FD90062DCD3 /* Define */ = {
			isa = PBXGroup;
			children = (
				241C38492140CEB90062DCD3 /* PrefixHeader.pch */,
				241C386521410FFE0062DCD3 /* Constants.h */,
				24427D50215F1A0E0002E7FC /* Request.h */,
			);
			path = Define;
			sourceTree = "<group>";
		};
		241C38662141118D0062DCD3 /* View */ = {
			isa = PBXGroup;
			children = (
				241C3867214111F90062DCD3 /* TZLStretchyHeadView.h */,
				241C3868214111F90062DCD3 /* TZLStretchyHeadView.m */,
			);
			path = View;
			sourceTree = "<group>";
		};
		241C3873214767780062DCD3 /* PullDown */ = {
			isa = PBXGroup;
			children = (
				241C38662141118D0062DCD3 /* View */,
				241C384B2140D0D20062DCD3 /* PullDownHeadViewController.h */,
				241C384C2140D0D20062DCD3 /* PullDownHeadViewController.m */,
			);
			path = PullDown;
			sourceTree = "<group>";
		};
		241C3874214767990062DCD3 /* FlowLayout */ = {
			isa = PBXGroup;
			children = (
				241C387C2147A0030062DCD3 /* TZLWaterfallCollectionViewCell.h */,
				241C387D2147A0030062DCD3 /* TZLWaterfallCollectionViewCell.m */,
				241C38782147698F0062DCD3 /* TZLWaterfallFlowLayout */,
				241C3875214767F00062DCD3 /* TZLWaterfallViewController.h */,
				241C3876214767F00062DCD3 /* TZLWaterfallViewController.m */,
			);
			path = FlowLayout;
			sourceTree = "<group>";
		};
		241C38782147698F0062DCD3 /* TZLWaterfallFlowLayout */ = {
			isa = PBXGroup;
			children = (
				241C3879214769C30062DCD3 /* TZLCollectionViewWaterfallLayout.h */,
				241C387A214769C30062DCD3 /* TZLCollectionViewWaterfallLayout.m */,
			);
			path = TZLWaterfallFlowLayout;
			sourceTree = "<group>";
		};
		241C38A221533C8B0062DCD3 /* Study */ = {
			isa = PBXGroup;
			children = (
				241C38A321533CBE0062DCD3 /* TZLStudyViewController.h */,
				241C38A421533CBE0062DCD3 /* TZLStudyViewController.m */,
				249BB33F21A2B24700AA462A /* FrameAndBounds */,
				249BB33821A2980B00AA462A /* Navi */,
				246B903C216DDB33009EE2D9 /* NetRequest */,
				241C38A621533D1A0062DCD3 /* Emitter */,
				24427D3F215CD6D30002E7FC /* UIBezierPath */,
			);
			path = Study;
			sourceTree = "<group>";
		};
		241C38A621533D1A0062DCD3 /* Emitter */ = {
			isa = PBXGroup;
			children = (
				245081672154BEAC00C9657B /* TZLLikeButton */,
				241C38A721533D390062DCD3 /* TZLEmitterViewController.h */,
				241C38A821533D390062DCD3 /* TZLEmitterViewController.m */,
				241C38AA21533E2A0062DCD3 /* TZLEmitterRainViewController.h */,
				241C38AB21533E2A0062DCD3 /* TZLEmitterRainViewController.m */,
				2450815821534A2F00C9657B /* TZLEmitterSnowViewController.h */,
				2450815921534A2F00C9657B /* TZLEmitterSnowViewController.m */,
				2450815B21538D3A00C9657B /* TZLEmitterRedPackageViewController.h */,
				2450815C21538D3A00C9657B /* TZLEmitterRedPackageViewController.m */,
				2450815E2153931C00C9657B /* TZLEmitterColorViewController.h */,
				2450815F2153931C00C9657B /* TZLEmitterColorViewController.m */,
				2450816121549C7800C9657B /* TZLEmitterFireworksViewController.h */,
				2450816221549C7800C9657B /* TZLEmitterFireworksViewController.m */,
				245081642154BE8900C9657B /* TZLEmitterLikeViewController.h */,
				245081652154BE8900C9657B /* TZLEmitterLikeViewController.m */,
			);
			path = Emitter;
			sourceTree = "<group>";
		};
		24390019219131100003D47F /* Delegate */ = {
			isa = PBXGroup;
			children = (
				2439001A2191330B0003D47F /* TZLAddVCAnimatedTransitioning.h */,
				2439001B2191330B0003D47F /* TZLAddVCAnimatedTransitioning.m */,
				2439001D219135590003D47F /* TZLAddVCContextTransitioning.h */,
				2439001E219135590003D47F /* TZLAddVCContextTransitioning.m */,
			);
			path = Delegate;
			sourceTree = "<group>";
		};
		243900202192B4D70003D47F /* ViewLoadingAnimation */ = {
			isa = PBXGroup;
			children = (
				243900242193D3650003D47F /* TZLLoadingViewAnimation */,
				243900212192B5000003D47F /* TZLViewLoadingAnimationViewController.h */,
				243900222192B5000003D47F /* TZLViewLoadingAnimationViewController.m */,
				2439002E2194277F0003D47F /* TZLLoadingTableViewCell.h */,
				2439002F2194277F0003D47F /* TZLLoadingTableViewCell.m */,
			);
			path = ViewLoadingAnimation;
			sourceTree = "<group>";
		};
		243900242193D3650003D47F /* TZLLoadingViewAnimation */ = {
			isa = PBXGroup;
			children = (
				243900252193D3740003D47F /* TZLLoadingViewAnimation.h */,
				243900262193D3740003D47F /* TZLLoadingViewAnimation.m */,
				243900282193D5BF0003D47F /* UIView+TZLLoadingAnimation.h */,
				243900292193D5BF0003D47F /* UIView+TZLLoadingAnimation.m */,
			);
			path = TZLLoadingViewAnimation;
			sourceTree = "<group>";
		};
		243A0A5C21796F98009EFCC8 /* CoreData */ = {
			isa = PBXGroup;
			children = (
				243A0A6321797008009EFCC8 /* TZLCoreDataManager.h */,
				243A0A6421797008009EFCC8 /* TZLCoreDataManager.m */,
				243A0A5F21796FCA009EFCC8 /* General+CoreDataClass.m */,
				243A0A6021796FCA009EFCC8 /* General+CoreDataProperties.h */,
				243A0A5D21796FC9009EFCC8 /* General+CoreDataClass.h */,
				243A0A5E21796FCA009EFCC8 /* General+CoreDataProperties.m */,
				243A0A53217967E5009EFCC8 /* Model.xcdatamodeld */,
			);
			path = CoreData;
			sourceTree = "<group>";
		};
		243A0A662179AEF8009EFCC8 /* Games */ = {
			isa = PBXGroup;
			children = (
				243A0A672179AF50009EFCC8 /* TZLGamesMenuViewController.h */,
				243A0A682179AF50009EFCC8 /* TZLGamesMenuViewController.m */,
				243A0A6A2179AFDE009EFCC8 /* LunHui */,
			);
			path = Games;
			sourceTree = "<group>";
		};
		243A0A6A2179AFDE009EFCC8 /* LunHui */ = {
			isa = PBXGroup;
			children = (
				243A0A732179D43C009EFCC8 /* LunHuiManager.h */,
				243A0A792179D6ED009EFCC8 /* CordData */,
				243A0A782179D6ED009EFCC8 /* Model */,
				243A0A742179D453009EFCC8 /* View */,
				243A0A6F2179D3E8009EFCC8 /* LHManagerViewController.h */,
				243A0A702179D3E8009EFCC8 /* LHManagerViewController.m */,
				243A0A6B2179B005009EFCC8 /* LHMakeRoleViewController.h */,
				243A0A6C2179B005009EFCC8 /* LHMakeRoleViewController.m */,
			);
			path = LunHui;
			sourceTree = "<group>";
		};
		243A0A742179D453009EFCC8 /* View */ = {
			isa = PBXGroup;
			children = (
				243A0A752179D4B4009EFCC8 /* LHMakeRoleView.h */,
				243A0A762179D4B4009EFCC8 /* LHMakeRoleView.m */,
			);
			path = View;
			sourceTree = "<group>";
		};
		243A0A782179D6ED009EFCC8 /* Model */ = {
			isa = PBXGroup;
			children = (
				243A0A7F2179DA2F009EFCC8 /* Entity+CoreDataClass.h */,
				243A0A7E2179DA2E009EFCC8 /* Entity+CoreDataClass.m */,
				243A0A7D2179DA2E009EFCC8 /* Entity+CoreDataProperties.h */,
				243A0A802179DA2F009EFCC8 /* Entity+CoreDataProperties.m */,
			);
			path = Model;
			sourceTree = "<group>";
		};
		243A0A792179D6ED009EFCC8 /* CordData */ = {
			isa = PBXGroup;
			children = (
				243A0A7A2179D7D0009EFCC8 /* LunHui.xcdatamodeld */,
			);
			path = CordData;
			sourceTree = "<group>";
		};
		243A0A882180167B009EFCC8 /* AddChildController */ = {
			isa = PBXGroup;
			children = (
				24390019219131100003D47F /* Delegate */,
				243A0A89218016A2009EFCC8 /* TZLAddVCMeunViewController.h */,
				243A0A8A218016A2009EFCC8 /* TZLAddVCMeunViewController.m */,
				243A0A8C2180172B009EFCC8 /* TZLAddVCOneViewController.h */,
				243A0A8D2180172B009EFCC8 /* TZLAddVCOneViewController.m */,
				243A0A8F2180173E009EFCC8 /* TZLChildViewController.h */,
				243A0A902180173E009EFCC8 /* TZLChildViewController.m */,
			);
			path = AddChildController;
			sourceTree = "<group>";
		};
		24427D18215B0DAD0002E7FC /* Animation */ = {
			isa = PBXGroup;
			children = (
				24427D19215B0DC00002E7FC /* TZLAnimationViewController.h */,
				24427D1A215B0DC00002E7FC /* TZLAnimationViewController.m */,
				24427D1C215B0DF90002E7FC /* SubController */,
			);
			path = Animation;
			sourceTree = "<group>";
		};
		24427D1C215B0DF90002E7FC /* SubController */ = {
			isa = PBXGroup;
			children = (
				24427D24215B13210002E7FC /* CustomAnimation */,
				24427D20215B0E880002E7FC /* TransformAnimation */,
			);
			path = SubController;
			sourceTree = "<group>";
		};
		24427D20215B0E880002E7FC /* TransformAnimation */ = {
			isa = PBXGroup;
			children = (
				24427D1D215B0E3C0002E7FC /* TZLTransformAnimationViewController.h */,
				24427D1E215B0E3C0002E7FC /* TZLTransformAnimationViewController.m */,
				24427D21215B11FD0002E7FC /* TZLSubTransformViewController.h */,
				24427D22215B11FD0002E7FC /* TZLSubTransformViewController.m */,
			);
			path = TransformAnimation;
			sourceTree = "<group>";
		};
		24427D24215B13210002E7FC /* CustomAnimation */ = {
			isa = PBXGroup;
			children = (
				24427D3A215B68520002E7FC /* MKJPresentAnimator.h */,
				24427D39215B68520002E7FC /* MKJPresentAnimator.m */,
				24427D25215B13600002E7FC /* TZLCustomTransformAnimation.h */,
				24427D26215B13600002E7FC /* TZLCustomTransformAnimation.m */,
			);
			path = CustomAnimation;
			sourceTree = "<group>";
		};
		24427D31215B5C7B0002E7FC /* NSObject */ = {
			isa = PBXGroup;
			children = (
				24427D32215B5C7B0002E7FC /* NSObject+HZRuntime.h */,
				24427D36215B5C7B0002E7FC /* NSObject+HZRuntime.m */,
				24427D33215B5C7B0002E7FC /* ZXPUnicode */,
			);
			path = NSObject;
			sourceTree = "<group>";
		};
		24427D33215B5C7B0002E7FC /* ZXPUnicode */ = {
			isa = PBXGroup;
			children = (
				24427D34215B5C7B0002E7FC /* ZXPUnicode.h */,
				24427D35215B5C7B0002E7FC /* ZXPUnicode.m */,
			);
			path = ZXPUnicode;
			sourceTree = "<group>";
		};
		24427D3F215CD6D30002E7FC /* UIBezierPath */ = {
			isa = PBXGroup;
			children = (
				24427D49215DBDF00002E7FC /* View */,
				24427D43215CD96C0002E7FC /* TZLUIBezierPathTableViewController.h */,
				24427D44215CD96C0002E7FC /* TZLUIBezierPathTableViewController.m */,
				24427D46215DB96D0002E7FC /* TZLSubUIBezierPathViewController.h */,
				24427D47215DB96D0002E7FC /* TZLSubUIBezierPathViewController.m */,
			);
			path = UIBezierPath;
			sourceTree = "<group>";
		};
		24427D49215DBDF00002E7FC /* View */ = {
			isa = PBXGroup;
			children = (
				24427D4A215DBE020002E7FC /* TZLUIBezierPathView.h */,
				24427D4B215DBE020002E7FC /* TZLUIBezierPathView.m */,
			);
			path = View;
			sourceTree = "<group>";
		};
		245081672154BEAC00C9657B /* TZLLikeButton */ = {
			isa = PBXGroup;
			children = (
				245081682154BEBB00C9657B /* TZLLikeButton.h */,
				245081692154BEBB00C9657B /* TZLLikeButton.m */,
			);
			path = TZLLikeButton;
			sourceTree = "<group>";
		};
		246B903C216DDB33009EE2D9 /* NetRequest */ = {
			isa = PBXGroup;
			children = (
				246B9040216DDB7A009EE2D9 /* TZLNetRequestViewController.h */,
				246B9041216DDB7A009EE2D9 /* TZLNetRequestViewController.m */,
			);
			path = NetRequest;
			sourceTree = "<group>";
		};
		246B909621787464009EE2D9 /* DrawCard */ = {
			isa = PBXGroup;
			children = (
				246B909721787464009EE2D9 /* STZBCard.plist */,
				246B909921787464009EE2D9 /* DrawCardViewController.h */,
				246B909821787464009EE2D9 /* DrawCardViewController.m */,
				246B909C21787617009EE2D9 /* TZLMyCardViewController.h */,
				246B909D21787617009EE2D9 /* TZLMyCardViewController.m */,
			);
			path = DrawCard;
			sourceTree = "<group>";
		};
		2495E40121990F080071BFAC /* DistributionView */ = {
			isa = PBXGroup;
			children = (
				2495E40221990F240071BFAC /* TZLDistributionViewController.h */,
				2495E40321990F240071BFAC /* TZLDistributionViewController.m */,
				2495E40821991DE20071BFAC /* TZLSignRecordTVCell.h */,
				2495E40921991DE20071BFAC /* TZLSignRecordTVCell.m */,
			);
			path = DistributionView;
			sourceTree = "<group>";
		};
		249BB33821A2980B00AA462A /* Navi */ = {
			isa = PBXGroup;
			children = (
				249BB33C21A298AA00AA462A /* TZLStudyNaviViewController.h */,
				249BB33D21A298AA00AA462A /* TZLStudyNaviViewController.m */,
			);
			path = Navi;
			sourceTree = "<group>";
		};
		249BB33F21A2B24700AA462A /* FrameAndBounds */ = {
			isa = PBXGroup;
			children = (
				249BB34021A2B25700AA462A /* TZLFrameAndBoundsViewController.h */,
				249BB34121A2B25700AA462A /* TZLFrameAndBoundsViewController.m */,
			);
			path = FrameAndBounds;
			sourceTree = "<group>";
		};
		249BB34C21A4F27200AA462A /* UITableView */ = {
			isa = PBXGroup;
			children = (
				249BB34D21A4F29700AA462A /* UITableView+TZLExtension.h */,
				249BB34E21A4F29700AA462A /* UITableView+TZLExtension.m */,
			);
			path = UITableView;
			sourceTree = "<group>";
		};
		249BB35621A5077600AA462A /* UICollectionView */ = {
			isa = PBXGroup;
			children = (
				249BB35721A5079900AA462A /* UICollectionView+TZLExtension.h */,
				249BB35821A5079900AA462A /* UICollectionView+TZLExtension.m */,
			);
			path = UICollectionView;
			sourceTree = "<group>";
		};
		8A2CB9E6DBEAC8DB70BAA420 /* Frameworks */ = {
			isa = PBXGroup;
			children = (
				8C45F144AD8DC2CF466534A4 /* libPods-Demos.a */,
				DD1802709BD56D254446F32D /* libPods-DemosTests.a */,
				AE63D0B148E9A513BC2DDA17 /* libPods-DemosUITests.a */,
			);
			name = Frameworks;
			sourceTree = "<group>";
		};
/* End PBXGroup section */

/* Begin PBXNativeTarget section */
		241C38042140C5F40062DCD3 /* Demos */ = {
			isa = PBXNativeTarget;
			buildConfigurationList = 241C38312140C5F60062DCD3 /* Build configuration list for PBXNativeTarget "Demos" */;
			buildPhases = (
				2484D219F8D055B74019F6BD /* [CP] Check Pods Manifest.lock */,
				241C38012140C5F40062DCD3 /* Sources */,
				241C38022140C5F40062DCD3 /* Frameworks */,
				241C38032140C5F40062DCD3 /* Resources */,
				3C47BB5C62A941C4575954AE /* [CP] Embed Pods Frameworks */,
				842C8BC736AC9E95428D7293 /* [CP] Copy Pods Resources */,
			);
			buildRules = (
			);
			dependencies = (
			);
			name = Demos;
			productName = Demos;
			productReference = 241C38052140C5F40062DCD3 /* Demos.app */;
			productType = "com.apple.product-type.application";
		};
		241C381C2140C5F60062DCD3 /* DemosTests */ = {
			isa = PBXNativeTarget;
			buildConfigurationList = 241C38342140C5F60062DCD3 /* Build configuration list for PBXNativeTarget "DemosTests" */;
			buildPhases = (
				90D6AAAF0FFE3AB38144148D /* [CP] Check Pods Manifest.lock */,
				241C38192140C5F60062DCD3 /* Sources */,
				241C381A2140C5F60062DCD3 /* Frameworks */,
				241C381B2140C5F60062DCD3 /* Resources */,
				E8209481AF153EE9C06F681F /* [CP] Embed Pods Frameworks */,
				C460AD8E0517599F407D5509 /* [CP] Copy Pods Resources */,
			);
			buildRules = (
			);
			dependencies = (
				241C381F2140C5F60062DCD3 /* PBXTargetDependency */,
			);
			name = DemosTests;
			productName = DemosTests;
			productReference = 241C381D2140C5F60062DCD3 /* DemosTests.xctest */;
			productType = "com.apple.product-type.bundle.unit-test";
		};
		241C38272140C5F60062DCD3 /* DemosUITests */ = {
			isa = PBXNativeTarget;
			buildConfigurationList = 241C38372140C5F60062DCD3 /* Build configuration list for PBXNativeTarget "DemosUITests" */;
			buildPhases = (
				2BEEB477305C82DA35DB89B7 /* [CP] Check Pods Manifest.lock */,
				241C38242140C5F60062DCD3 /* Sources */,
				241C38252140C5F60062DCD3 /* Frameworks */,
				241C38262140C5F60062DCD3 /* Resources */,
				9C85B0EC6D13923C0B748411 /* [CP] Embed Pods Frameworks */,
				8C011ACEEA4B0BF58C7B6C0A /* [CP] Copy Pods Resources */,
			);
			buildRules = (
			);
			dependencies = (
				241C382A2140C5F60062DCD3 /* PBXTargetDependency */,
			);
			name = DemosUITests;
			productName = DemosUITests;
			productReference = 241C38282140C5F60062DCD3 /* DemosUITests.xctest */;
			productType = "com.apple.product-type.bundle.ui-testing";
		};
/* End PBXNativeTarget section */

/* Begin PBXProject section */
		241C37FD2140C5F40062DCD3 /* Project object */ = {
			isa = PBXProject;
			attributes = {
				CLASSPREFIX = TZL;
				LastUpgradeCheck = 0940;
				ORGANIZATIONNAME = TZL;
				TargetAttributes = {
					241C38042140C5F40062DCD3 = {
						CreatedOnToolsVersion = 9.4.1;
					};
					241C381C2140C5F60062DCD3 = {
						CreatedOnToolsVersion = 9.4.1;
						TestTargetID = 241C38042140C5F40062DCD3;
					};
					241C38272140C5F60062DCD3 = {
						CreatedOnToolsVersion = 9.4.1;
						TestTargetID = 241C38042140C5F40062DCD3;
					};
				};
			};
			buildConfigurationList = 241C38002140C5F40062DCD3 /* Build configuration list for PBXProject "Demos" */;
			compatibilityVersion = "Xcode 9.3";
			developmentRegion = en;
			hasScannedForEncodings = 0;
			knownRegions = (
				en,
				Base,
			);
			mainGroup = 241C37FC2140C5F40062DCD3;
			productRefGroup = 241C38062140C5F40062DCD3 /* Products */;
			projectDirPath = "";
			projectRoot = "";
			targets = (
				241C38042140C5F40062DCD3 /* Demos */,
				241C381C2140C5F60062DCD3 /* DemosTests */,
				241C38272140C5F60062DCD3 /* DemosUITests */,
			);
		};
/* End PBXProject section */

/* Begin PBXResourcesBuildPhase section */
		241C38032140C5F40062DCD3 /* Resources */ = {
			isa = PBXResourcesBuildPhase;
			buildActionMask = 2147483647;
			files = (
				241C38152140C5F50062DCD3 /* LaunchScreen.storyboard in Resources */,
				246B909A21787464009EE2D9 /* STZBCard.plist in Resources */,
				241C38122140C5F50062DCD3 /* Assets.xcassets in Resources */,
				241C38102140C5F40062DCD3 /* Main.storyboard in Resources */,
			);
			runOnlyForDeploymentPostprocessing = 0;
		};
		241C381B2140C5F60062DCD3 /* Resources */ = {
			isa = PBXResourcesBuildPhase;
			buildActionMask = 2147483647;
			files = (
			);
			runOnlyForDeploymentPostprocessing = 0;
		};
		241C38262140C5F60062DCD3 /* Resources */ = {
			isa = PBXResourcesBuildPhase;
			buildActionMask = 2147483647;
			files = (
			);
			runOnlyForDeploymentPostprocessing = 0;
		};
/* End PBXResourcesBuildPhase section */

/* Begin PBXShellScriptBuildPhase section */
		2484D219F8D055B74019F6BD /* [CP] Check Pods Manifest.lock */ = {
			isa = PBXShellScriptBuildPhase;
			buildActionMask = 2147483647;
			files = (
			);
			inputPaths = (
				"${PODS_PODFILE_DIR_PATH}/Podfile.lock",
				"${PODS_ROOT}/Manifest.lock",
			);
			name = "[CP] Check Pods Manifest.lock";
			outputPaths = (
				"$(DERIVED_FILE_DIR)/Pods-Demos-checkManifestLockResult.txt",
			);
			runOnlyForDeploymentPostprocessing = 0;
			shellPath = /bin/sh;
			shellScript = "diff \"${PODS_PODFILE_DIR_PATH}/Podfile.lock\" \"${PODS_ROOT}/Manifest.lock\" > /dev/null\nif [ $? != 0 ] ; then\n    # print error to STDERR\n    echo \"error: The sandbox is not in sync with the Podfile.lock. Run 'pod install' or update your CocoaPods installation.\" >&2\n    exit 1\nfi\n# This output is used by Xcode 'outputs' to avoid re-running this script phase.\necho \"SUCCESS\" > \"${SCRIPT_OUTPUT_FILE_0}\"\n";
			showEnvVarsInLog = 0;
		};
		2BEEB477305C82DA35DB89B7 /* [CP] Check Pods Manifest.lock */ = {
			isa = PBXShellScriptBuildPhase;
			buildActionMask = 2147483647;
			files = (
			);
			inputPaths = (
				"${PODS_PODFILE_DIR_PATH}/Podfile.lock",
				"${PODS_ROOT}/Manifest.lock",
			);
			name = "[CP] Check Pods Manifest.lock";
			outputPaths = (
				"$(DERIVED_FILE_DIR)/Pods-DemosUITests-checkManifestLockResult.txt",
			);
			runOnlyForDeploymentPostprocessing = 0;
			shellPath = /bin/sh;
			shellScript = "diff \"${PODS_PODFILE_DIR_PATH}/Podfile.lock\" \"${PODS_ROOT}/Manifest.lock\" > /dev/null\nif [ $? != 0 ] ; then\n    # print error to STDERR\n    echo \"error: The sandbox is not in sync with the Podfile.lock. Run 'pod install' or update your CocoaPods installation.\" >&2\n    exit 1\nfi\n# This output is used by Xcode 'outputs' to avoid re-running this script phase.\necho \"SUCCESS\" > \"${SCRIPT_OUTPUT_FILE_0}\"\n";
			showEnvVarsInLog = 0;
		};
		3C47BB5C62A941C4575954AE /* [CP] Embed Pods Frameworks */ = {
			isa = PBXShellScriptBuildPhase;
			buildActionMask = 2147483647;
			files = (
			);
			inputPaths = (
			);
			name = "[CP] Embed Pods Frameworks";
			outputPaths = (
			);
			runOnlyForDeploymentPostprocessing = 0;
			shellPath = /bin/sh;
			shellScript = "\"${SRCROOT}/Pods/Target Support Files/Pods-Demos/Pods-Demos-frameworks.sh\"\n";
			showEnvVarsInLog = 0;
		};
		842C8BC736AC9E95428D7293 /* [CP] Copy Pods Resources */ = {
			isa = PBXShellScriptBuildPhase;
			buildActionMask = 2147483647;
			files = (
			);
			inputPaths = (
			);
			name = "[CP] Copy Pods Resources";
			outputPaths = (
			);
			runOnlyForDeploymentPostprocessing = 0;
			shellPath = /bin/sh;
			shellScript = "\"${SRCROOT}/Pods/Target Support Files/Pods-Demos/Pods-Demos-resources.sh\"\n";
			showEnvVarsInLog = 0;
		};
		8C011ACEEA4B0BF58C7B6C0A /* [CP] Copy Pods Resources */ = {
			isa = PBXShellScriptBuildPhase;
			buildActionMask = 2147483647;
			files = (
			);
			inputPaths = (
			);
			name = "[CP] Copy Pods Resources";
			outputPaths = (
			);
			runOnlyForDeploymentPostprocessing = 0;
			shellPath = /bin/sh;
			shellScript = "\"${SRCROOT}/Pods/Target Support Files/Pods-DemosUITests/Pods-DemosUITests-resources.sh\"\n";
			showEnvVarsInLog = 0;
		};
		90D6AAAF0FFE3AB38144148D /* [CP] Check Pods Manifest.lock */ = {
			isa = PBXShellScriptBuildPhase;
			buildActionMask = 2147483647;
			files = (
			);
			inputPaths = (
				"${PODS_PODFILE_DIR_PATH}/Podfile.lock",
				"${PODS_ROOT}/Manifest.lock",
			);
			name = "[CP] Check Pods Manifest.lock";
			outputPaths = (
				"$(DERIVED_FILE_DIR)/Pods-DemosTests-checkManifestLockResult.txt",
			);
			runOnlyForDeploymentPostprocessing = 0;
			shellPath = /bin/sh;
			shellScript = "diff \"${PODS_PODFILE_DIR_PATH}/Podfile.lock\" \"${PODS_ROOT}/Manifest.lock\" > /dev/null\nif [ $? != 0 ] ; then\n    # print error to STDERR\n    echo \"error: The sandbox is not in sync with the Podfile.lock. Run 'pod install' or update your CocoaPods installation.\" >&2\n    exit 1\nfi\n# This output is used by Xcode 'outputs' to avoid re-running this script phase.\necho \"SUCCESS\" > \"${SCRIPT_OUTPUT_FILE_0}\"\n";
			showEnvVarsInLog = 0;
		};
		9C85B0EC6D13923C0B748411 /* [CP] Embed Pods Frameworks */ = {
			isa = PBXShellScriptBuildPhase;
			buildActionMask = 2147483647;
			files = (
			);
			inputPaths = (
			);
			name = "[CP] Embed Pods Frameworks";
			outputPaths = (
			);
			runOnlyForDeploymentPostprocessing = 0;
			shellPath = /bin/sh;
			shellScript = "\"${SRCROOT}/Pods/Target Support Files/Pods-DemosUITests/Pods-DemosUITests-frameworks.sh\"\n";
			showEnvVarsInLog = 0;
		};
		C460AD8E0517599F407D5509 /* [CP] Copy Pods Resources */ = {
			isa = PBXShellScriptBuildPhase;
			buildActionMask = 2147483647;
			files = (
			);
			inputPaths = (
			);
			name = "[CP] Copy Pods Resources";
			outputPaths = (
			);
			runOnlyForDeploymentPostprocessing = 0;
			shellPath = /bin/sh;
			shellScript = "\"${SRCROOT}/Pods/Target Support Files/Pods-DemosTests/Pods-DemosTests-resources.sh\"\n";
			showEnvVarsInLog = 0;
		};
		E8209481AF153EE9C06F681F /* [CP] Embed Pods Frameworks */ = {
			isa = PBXShellScriptBuildPhase;
			buildActionMask = 2147483647;
			files = (
			);
			inputPaths = (
			);
			name = "[CP] Embed Pods Frameworks";
			outputPaths = (
			);
			runOnlyForDeploymentPostprocessing = 0;
			shellPath = /bin/sh;
			shellScript = "\"${SRCROOT}/Pods/Target Support Files/Pods-DemosTests/Pods-DemosTests-frameworks.sh\"\n";
			showEnvVarsInLog = 0;
		};
/* End PBXShellScriptBuildPhase section */

/* Begin PBXSourcesBuildPhase section */
		241C38012140C5F40062DCD3 /* Sources */ = {
			isa = PBXSourcesBuildPhase;
			buildActionMask = 2147483647;
			files = (
				243A0A6D2179B005009EFCC8 /* LHMakeRoleViewController.m in Sources */,
				2439002A2193D5BF0003D47F /* UIView+TZLLoadingAnimation.m in Sources */,
				241C386321410F880062DCD3 /* NSNumber+TZLExtension.m in Sources */,
				249BB33E21A298AA00AA462A /* TZLStudyNaviViewController.m in Sources */,
				246B9042216DDB7A009EE2D9 /* TZLNetRequestViewController.m in Sources */,
				241C3851214101760062DCD3 /* NSObject+Tools.m in Sources */,
				241C38402140CC530062DCD3 /* TZLNavigationController.m in Sources */,
				24427D48215DB96D0002E7FC /* TZLSubUIBezierPathViewController.m in Sources */,
				249BB35921A5079900AA462A /* UICollectionView+TZLExtension.m in Sources */,
				24427D38215B5C7B0002E7FC /* NSObject+HZRuntime.m in Sources */,
				2450815A21534A2F00C9657B /* TZLEmitterSnowViewController.m in Sources */,
				241C386221410F880062DCD3 /* NSObject+NetWorking.m in Sources */,
				241C380D2140C5F40062DCD3 /* ViewController.m in Sources */,
				243A0A812179DA2F009EFCC8 /* Entity+CoreDataClass.m in Sources */,
				243A0A692179AF50009EFCC8 /* TZLGamesMenuViewController.m in Sources */,
				243900302194277F0003D47F /* TZLLoadingTableViewCell.m in Sources */,
				241C387E2147A0030062DCD3 /* TZLWaterfallCollectionViewCell.m in Sources */,
				2495E40421990F240071BFAC /* TZLDistributionViewController.m in Sources */,
				241C386C2141136D0062DCD3 /* UIView+TZLFrame.m in Sources */,
				243A0A912180173E009EFCC8 /* TZLChildViewController.m in Sources */,
				243A0A87217EC928009EFCC8 /* TYCViewController.m in Sources */,
				243A0A772179D4B4009EFCC8 /* LHMakeRoleView.m in Sources */,
				241C38A521533CBF0062DCD3 /* TZLStudyViewController.m in Sources */,
				243A0A7C2179D7D0009EFCC8 /* LunHui.xcdatamodeld in Sources */,
				2450816321549C7800C9657B /* TZLEmitterFireworksViewController.m in Sources */,
				243900272193D3740003D47F /* TZLLoadingViewAnimation.m in Sources */,
				243A0A6121796FCA009EFCC8 /* General+CoreDataProperties.m in Sources */,
				249BB34521A3D94800AA462A /* UIViewController+TZLCusNavigation.m in Sources */,
				245081602153931C00C9657B /* TZLEmitterColorViewController.m in Sources */,
				241C387B214769C30062DCD3 /* TZLCollectionViewWaterfallLayout.m in Sources */,
				243A0A8B218016A2009EFCC8 /* TZLAddVCMeunViewController.m in Sources */,
				241C38A921533D390062DCD3 /* TZLEmitterViewController.m in Sources */,
				2450815D21538D3A00C9657B /* TZLEmitterRedPackageViewController.m in Sources */,
				241C383F2140CC530062DCD3 /* BasicViewController.m in Sources */,
				241C3869214111F90062DCD3 /* TZLStretchyHeadView.m in Sources */,
				24427D30215B5C3F0002E7FC /* UIBarButtonItem+HZBarButtonItem.m in Sources */,
				245081662154BE8900C9657B /* TZLEmitterLikeViewController.m in Sources */,
				249BB34F21A4F29700AA462A /* UITableView+TZLExtension.m in Sources */,
				24427D45215CD96C0002E7FC /* TZLUIBezierPathTableViewController.m in Sources */,
				246B909E21787617009EE2D9 /* TZLMyCardViewController.m in Sources */,
				241C385F21410F880062DCD3 /* NSString+ToURL.m in Sources */,
				24427D4F215F19AA0002E7FC /* HZWebViewController.m in Sources */,
				241C38182140C5F50062DCD3 /* main.m in Sources */,
				243A0A6221796FCA009EFCC8 /* General+CoreDataClass.m in Sources */,
				24427D27215B13600002E7FC /* TZLCustomTransformAnimation.m in Sources */,
				241C38AC21533E2A0062DCD3 /* TZLEmitterRainViewController.m in Sources */,
				241C38442140CCAC0062DCD3 /* MainMenuViewController.m in Sources */,
				24427D23215B11FD0002E7FC /* TZLSubTransformViewController.m in Sources */,
				24427D1F215B0E3C0002E7FC /* TZLTransformAnimationViewController.m in Sources */,
				2439001F219135590003D47F /* TZLAddVCContextTransitioning.m in Sources */,
				24427D3B215B68520002E7FC /* MKJPresentAnimator.m in Sources */,
				246B909B21787464009EE2D9 /* DrawCardViewController.m in Sources */,
				243A0A712179D3E8009EFCC8 /* LHManagerViewController.m in Sources */,
				243A0A55217967E6009EFCC8 /* Model.xcdatamodeld in Sources */,
				24427D1B215B0DC00002E7FC /* TZLAnimationViewController.m in Sources */,
				24427D4C215DBE020002E7FC /* TZLUIBezierPathView.m in Sources */,
				243A0A8E2180172B009EFCC8 /* TZLAddVCOneViewController.m in Sources */,
				241C386F2141190C0062DCD3 /* UIView+TZLExtension.m in Sources */,
				241C384D2140D0D20062DCD3 /* PullDownHeadViewController.m in Sources */,
				243900232192B5000003D47F /* TZLViewLoadingAnimationViewController.m in Sources */,
				2439001C2191330B0003D47F /* TZLAddVCAnimatedTransitioning.m in Sources */,
				241C3872214124B30062DCD3 /* UINavigationController+TZLStatusBarStyle.m in Sources */,
				249BB34221A2B25700AA462A /* TZLFrameAndBoundsViewController.m in Sources */,
				2450816A2154BEBB00C9657B /* TZLLikeButton.m in Sources */,
				2495E40A21991DE20071BFAC /* TZLSignRecordTVCell.m in Sources */,
				241C386021410F880062DCD3 /* UIViewController+TZLExtension.m in Sources */,
				24427D37215B5C7B0002E7FC /* ZXPUnicode.m in Sources */,
				241C3877214767F00062DCD3 /* TZLWaterfallViewController.m in Sources */,
				243A0A6521797008009EFCC8 /* TZLCoreDataManager.m in Sources */,
				249BB35421A5034C00AA462A /* UINavigationController+TZLExtension.m in Sources */,
				241C38482140CD570062DCD3 /* DemoMenuViewController.m in Sources */,
				241C380A2140C5F40062DCD3 /* AppDelegate.m in Sources */,
				243A0A822179DA2F009EFCC8 /* Entity+CoreDataProperties.m in Sources */,
			);
			runOnlyForDeploymentPostprocessing = 0;
		};
		241C38192140C5F60062DCD3 /* Sources */ = {
			isa = PBXSourcesBuildPhase;
			buildActionMask = 2147483647;
			files = (
				241C38222140C5F60062DCD3 /* DemosTests.m in Sources */,
			);
			runOnlyForDeploymentPostprocessing = 0;
		};
		241C38242140C5F60062DCD3 /* Sources */ = {
			isa = PBXSourcesBuildPhase;
			buildActionMask = 2147483647;
			files = (
				241C382D2140C5F60062DCD3 /* DemosUITests.m in Sources */,
			);
			runOnlyForDeploymentPostprocessing = 0;
		};
/* End PBXSourcesBuildPhase section */

/* Begin PBXTargetDependency section */
		241C381F2140C5F60062DCD3 /* PBXTargetDependency */ = {
			isa = PBXTargetDependency;
			target = 241C38042140C5F40062DCD3 /* Demos */;
			targetProxy = 241C381E2140C5F60062DCD3 /* PBXContainerItemProxy */;
		};
		241C382A2140C5F60062DCD3 /* PBXTargetDependency */ = {
			isa = PBXTargetDependency;
			target = 241C38042140C5F40062DCD3 /* Demos */;
			targetProxy = 241C38292140C5F60062DCD3 /* PBXContainerItemProxy */;
		};
/* End PBXTargetDependency section */

/* Begin PBXVariantGroup section */
		241C380E2140C5F40062DCD3 /* Main.storyboard */ = {
			isa = PBXVariantGroup;
			children = (
				241C380F2140C5F40062DCD3 /* Base */,
			);
			name = Main.storyboard;
			sourceTree = "<group>";
		};
		241C38132140C5F50062DCD3 /* LaunchScreen.storyboard */ = {
			isa = PBXVariantGroup;
			children = (
				241C38142140C5F50062DCD3 /* Base */,
			);
			name = LaunchScreen.storyboard;
			sourceTree = "<group>";
		};
/* End PBXVariantGroup section */

/* Begin XCBuildConfiguration section */
		241C382F2140C5F60062DCD3 /* Debug */ = {
			isa = XCBuildConfiguration;
			buildSettings = {
				ALWAYS_SEARCH_USER_PATHS = NO;
				CLANG_ANALYZER_NONNULL = YES;
				CLANG_ANALYZER_NUMBER_OBJECT_CONVERSION = YES_AGGRESSIVE;
				CLANG_CXX_LANGUAGE_STANDARD = "gnu++14";
				CLANG_CXX_LIBRARY = "libc++";
				CLANG_ENABLE_MODULES = YES;
				CLANG_ENABLE_OBJC_ARC = YES;
				CLANG_ENABLE_OBJC_WEAK = YES;
				CLANG_WARN_BLOCK_CAPTURE_AUTORELEASING = YES;
				CLANG_WARN_BOOL_CONVERSION = YES;
				CLANG_WARN_COMMA = YES;
				CLANG_WARN_CONSTANT_CONVERSION = YES;
				CLANG_WARN_DEPRECATED_OBJC_IMPLEMENTATIONS = YES;
				CLANG_WARN_DIRECT_OBJC_ISA_USAGE = YES_ERROR;
				CLANG_WARN_DOCUMENTATION_COMMENTS = YES;
				CLANG_WARN_EMPTY_BODY = YES;
				CLANG_WARN_ENUM_CONVERSION = YES;
				CLANG_WARN_INFINITE_RECURSION = YES;
				CLANG_WARN_INT_CONVERSION = YES;
				CLANG_WARN_NON_LITERAL_NULL_CONVERSION = YES;
				CLANG_WARN_OBJC_IMPLICIT_RETAIN_SELF = YES;
				CLANG_WARN_OBJC_LITERAL_CONVERSION = YES;
				CLANG_WARN_OBJC_ROOT_CLASS = YES_ERROR;
				CLANG_WARN_RANGE_LOOP_ANALYSIS = YES;
				CLANG_WARN_STRICT_PROTOTYPES = YES;
				CLANG_WARN_SUSPICIOUS_MOVE = YES;
				CLANG_WARN_UNGUARDED_AVAILABILITY = YES_AGGRESSIVE;
				CLANG_WARN_UNREACHABLE_CODE = YES;
				CLANG_WARN__DUPLICATE_METHOD_MATCH = YES;
				CODE_SIGN_IDENTITY = "iPhone Developer";
				COPY_PHASE_STRIP = NO;
				DEBUG_INFORMATION_FORMAT = dwarf;
				ENABLE_STRICT_OBJC_MSGSEND = YES;
				ENABLE_TESTABILITY = YES;
				GCC_C_LANGUAGE_STANDARD = gnu11;
				GCC_DYNAMIC_NO_PIC = NO;
				GCC_NO_COMMON_BLOCKS = YES;
				GCC_OPTIMIZATION_LEVEL = 0;
				GCC_PREPROCESSOR_DEFINITIONS = (
					"DEBUG=1",
					"$(inherited)",
				);
				GCC_WARN_64_TO_32_BIT_CONVERSION = YES;
				GCC_WARN_ABOUT_RETURN_TYPE = YES_ERROR;
				GCC_WARN_UNDECLARED_SELECTOR = YES;
				GCC_WARN_UNINITIALIZED_AUTOS = YES_AGGRESSIVE;
				GCC_WARN_UNUSED_FUNCTION = YES;
				GCC_WARN_UNUSED_VARIABLE = YES;
				IPHONEOS_DEPLOYMENT_TARGET = 11.4;
				MTL_ENABLE_DEBUG_INFO = YES;
				ONLY_ACTIVE_ARCH = YES;
				SDKROOT = iphoneos;
			};
			name = Debug;
		};
		241C38302140C5F60062DCD3 /* Release */ = {
			isa = XCBuildConfiguration;
			buildSettings = {
				ALWAYS_SEARCH_USER_PATHS = NO;
				CLANG_ANALYZER_NONNULL = YES;
				CLANG_ANALYZER_NUMBER_OBJECT_CONVERSION = YES_AGGRESSIVE;
				CLANG_CXX_LANGUAGE_STANDARD = "gnu++14";
				CLANG_CXX_LIBRARY = "libc++";
				CLANG_ENABLE_MODULES = YES;
				CLANG_ENABLE_OBJC_ARC = YES;
				CLANG_ENABLE_OBJC_WEAK = YES;
				CLANG_WARN_BLOCK_CAPTURE_AUTORELEASING = YES;
				CLANG_WARN_BOOL_CONVERSION = YES;
				CLANG_WARN_COMMA = YES;
				CLANG_WARN_CONSTANT_CONVERSION = YES;
				CLANG_WARN_DEPRECATED_OBJC_IMPLEMENTATIONS = YES;
				CLANG_WARN_DIRECT_OBJC_ISA_USAGE = YES_ERROR;
				CLANG_WARN_DOCUMENTATION_COMMENTS = YES;
				CLANG_WARN_EMPTY_BODY = YES;
				CLANG_WARN_ENUM_CONVERSION = YES;
				CLANG_WARN_INFINITE_RECURSION = YES;
				CLANG_WARN_INT_CONVERSION = YES;
				CLANG_WARN_NON_LITERAL_NULL_CONVERSION = YES;
				CLANG_WARN_OBJC_IMPLICIT_RETAIN_SELF = YES;
				CLANG_WARN_OBJC_LITERAL_CONVERSION = YES;
				CLANG_WARN_OBJC_ROOT_CLASS = YES_ERROR;
				CLANG_WARN_RANGE_LOOP_ANALYSIS = YES;
				CLANG_WARN_STRICT_PROTOTYPES = YES;
				CLANG_WARN_SUSPICIOUS_MOVE = YES;
				CLANG_WARN_UNGUARDED_AVAILABILITY = YES_AGGRESSIVE;
				CLANG_WARN_UNREACHABLE_CODE = YES;
				CLANG_WARN__DUPLICATE_METHOD_MATCH = YES;
				CODE_SIGN_IDENTITY = "iPhone Developer";
				COPY_PHASE_STRIP = NO;
				DEBUG_INFORMATION_FORMAT = "dwarf-with-dsym";
				ENABLE_NS_ASSERTIONS = NO;
				ENABLE_STRICT_OBJC_MSGSEND = YES;
				GCC_C_LANGUAGE_STANDARD = gnu11;
				GCC_NO_COMMON_BLOCKS = YES;
				GCC_WARN_64_TO_32_BIT_CONVERSION = YES;
				GCC_WARN_ABOUT_RETURN_TYPE = YES_ERROR;
				GCC_WARN_UNDECLARED_SELECTOR = YES;
				GCC_WARN_UNINITIALIZED_AUTOS = YES_AGGRESSIVE;
				GCC_WARN_UNUSED_FUNCTION = YES;
				GCC_WARN_UNUSED_VARIABLE = YES;
				IPHONEOS_DEPLOYMENT_TARGET = 11.4;
				MTL_ENABLE_DEBUG_INFO = NO;
				SDKROOT = iphoneos;
				VALIDATE_PRODUCT = YES;
			};
			name = Release;
		};
		241C38322140C5F60062DCD3 /* Debug */ = {
			isa = XCBuildConfiguration;
			baseConfigurationReference = C2AA6CAD6B0C3DD4F82CF8F4 /* Pods-Demos.debug.xcconfig */;
			buildSettings = {
				ASSETCATALOG_COMPILER_APPICON_NAME = AppIcon;
				CODE_SIGN_STYLE = Automatic;
				DEVELOPMENT_TEAM = UAW234G86P;
				GCC_PREFIX_HEADER = "$(PRODUCT_NAME)/Define/PrefixHeader.pch";
				INFOPLIST_FILE = Demos/Info.plist;
				IPHONEOS_DEPLOYMENT_TARGET = 8.0;
				LD_RUNPATH_SEARCH_PATHS = (
					"$(inherited)",
					"@executable_path/Frameworks",
				);
				PRODUCT_BUNDLE_IDENTIFIER = com.tangzl.Demos;
				PRODUCT_NAME = "$(TARGET_NAME)";
				TARGETED_DEVICE_FAMILY = "1,2";
			};
			name = Debug;
		};
		241C38332140C5F60062DCD3 /* Release */ = {
			isa = XCBuildConfiguration;
			baseConfigurationReference = 3DFCFC38C5AF2E44D4538AEB /* Pods-Demos.release.xcconfig */;
			buildSettings = {
				ASSETCATALOG_COMPILER_APPICON_NAME = AppIcon;
				CODE_SIGN_STYLE = Automatic;
				DEVELOPMENT_TEAM = UAW234G86P;
				GCC_PREFIX_HEADER = "$(PRODUCT_NAME)/Define/PrefixHeader.pch";
				INFOPLIST_FILE = Demos/Info.plist;
				IPHONEOS_DEPLOYMENT_TARGET = 8.0;
				LD_RUNPATH_SEARCH_PATHS = (
					"$(inherited)",
					"@executable_path/Frameworks",
				);
				PRODUCT_BUNDLE_IDENTIFIER = com.tangzl.Demos;
				PRODUCT_NAME = "$(TARGET_NAME)";
				TARGETED_DEVICE_FAMILY = "1,2";
			};
			name = Release;
		};
		241C38352140C5F60062DCD3 /* Debug */ = {
			isa = XCBuildConfiguration;
			baseConfigurationReference = 7BA44A7376F1FD8866CD5673 /* Pods-DemosTests.debug.xcconfig */;
			buildSettings = {
				BUNDLE_LOADER = "$(TEST_HOST)";
				CODE_SIGN_STYLE = Automatic;
				DEVELOPMENT_TEAM = UAW234G86P;
				INFOPLIST_FILE = DemosTests/Info.plist;
				LD_RUNPATH_SEARCH_PATHS = (
					"$(inherited)",
					"@executable_path/Frameworks",
					"@loader_path/Frameworks",
				);
				PRODUCT_BUNDLE_IDENTIFIER = com.tangzl.DemosTests;
				PRODUCT_NAME = "$(TARGET_NAME)";
				TARGETED_DEVICE_FAMILY = "1,2";
				TEST_HOST = "$(BUILT_PRODUCTS_DIR)/Demos.app/Demos";
			};
			name = Debug;
		};
		241C38362140C5F60062DCD3 /* Release */ = {
			isa = XCBuildConfiguration;
			baseConfigurationReference = C5805E38D8C9BE8F766483B0 /* Pods-DemosTests.release.xcconfig */;
			buildSettings = {
				BUNDLE_LOADER = "$(TEST_HOST)";
				CODE_SIGN_STYLE = Automatic;
				DEVELOPMENT_TEAM = UAW234G86P;
				INFOPLIST_FILE = DemosTests/Info.plist;
				LD_RUNPATH_SEARCH_PATHS = (
					"$(inherited)",
					"@executable_path/Frameworks",
					"@loader_path/Frameworks",
				);
				PRODUCT_BUNDLE_IDENTIFIER = com.tangzl.DemosTests;
				PRODUCT_NAME = "$(TARGET_NAME)";
				TARGETED_DEVICE_FAMILY = "1,2";
				TEST_HOST = "$(BUILT_PRODUCTS_DIR)/Demos.app/Demos";
			};
			name = Release;
		};
		241C38382140C5F60062DCD3 /* Debug */ = {
			isa = XCBuildConfiguration;
			baseConfigurationReference = 9370C85997DB0C7FF81C1FB4 /* Pods-DemosUITests.debug.xcconfig */;
			buildSettings = {
				CODE_SIGN_STYLE = Automatic;
				DEVELOPMENT_TEAM = UAW234G86P;
				INFOPLIST_FILE = DemosUITests/Info.plist;
				LD_RUNPATH_SEARCH_PATHS = (
					"$(inherited)",
					"@executable_path/Frameworks",
					"@loader_path/Frameworks",
				);
				PRODUCT_BUNDLE_IDENTIFIER = com.tangzl.DemosUITests;
				PRODUCT_NAME = "$(TARGET_NAME)";
				TARGETED_DEVICE_FAMILY = "1,2";
				TEST_TARGET_NAME = Demos;
			};
			name = Debug;
		};
		241C38392140C5F60062DCD3 /* Release */ = {
			isa = XCBuildConfiguration;
			baseConfigurationReference = D653504419A1C00392D3DA41 /* Pods-DemosUITests.release.xcconfig */;
			buildSettings = {
				CODE_SIGN_STYLE = Automatic;
				DEVELOPMENT_TEAM = UAW234G86P;
				INFOPLIST_FILE = DemosUITests/Info.plist;
				LD_RUNPATH_SEARCH_PATHS = (
					"$(inherited)",
					"@executable_path/Frameworks",
					"@loader_path/Frameworks",
				);
				PRODUCT_BUNDLE_IDENTIFIER = com.tangzl.DemosUITests;
				PRODUCT_NAME = "$(TARGET_NAME)";
				TARGETED_DEVICE_FAMILY = "1,2";
				TEST_TARGET_NAME = Demos;
			};
			name = Release;
		};
/* End XCBuildConfiguration section */

/* Begin XCConfigurationList section */
		241C38002140C5F40062DCD3 /* Build configuration list for PBXProject "Demos" */ = {
			isa = XCConfigurationList;
			buildConfigurations = (
				241C382F2140C5F60062DCD3 /* Debug */,
				241C38302140C5F60062DCD3 /* Release */,
			);
			defaultConfigurationIsVisible = 0;
			defaultConfigurationName = Release;
		};
		241C38312140C5F60062DCD3 /* Build configuration list for PBXNativeTarget "Demos" */ = {
			isa = XCConfigurationList;
			buildConfigurations = (
				241C38322140C5F60062DCD3 /* Debug */,
				241C38332140C5F60062DCD3 /* Release */,
			);
			defaultConfigurationIsVisible = 0;
			defaultConfigurationName = Release;
		};
		241C38342140C5F60062DCD3 /* Build configuration list for PBXNativeTarget "DemosTests" */ = {
			isa = XCConfigurationList;
			buildConfigurations = (
				241C38352140C5F60062DCD3 /* Debug */,
				241C38362140C5F60062DCD3 /* Release */,
			);
			defaultConfigurationIsVisible = 0;
			defaultConfigurationName = Release;
		};
		241C38372140C5F60062DCD3 /* Build configuration list for PBXNativeTarget "DemosUITests" */ = {
			isa = XCConfigurationList;
			buildConfigurations = (
				241C38382140C5F60062DCD3 /* Debug */,
				241C38392140C5F60062DCD3 /* Release */,
			);
			defaultConfigurationIsVisible = 0;
			defaultConfigurationName = Release;
		};
/* End XCConfigurationList section */

/* Begin XCVersionGroup section */
		243A0A53217967E5009EFCC8 /* Model.xcdatamodeld */ = {
			isa = XCVersionGroup;
			children = (
				243A0A54217967E5009EFCC8 /* Model.xcdatamodel */,
			);
			currentVersion = 243A0A54217967E5009EFCC8 /* Model.xcdatamodel */;
			path = Model.xcdatamodeld;
			sourceTree = "<group>";
			versionGroupType = wrapper.xcdatamodel;
		};
		243A0A7A2179D7D0009EFCC8 /* LunHui.xcdatamodeld */ = {
			isa = XCVersionGroup;
			children = (
				243A0A7B2179D7D0009EFCC8 /* LunHui.xcdatamodel */,
			);
			currentVersion = 243A0A7B2179D7D0009EFCC8 /* LunHui.xcdatamodel */;
			path = LunHui.xcdatamodeld;
			sourceTree = "<group>";
			versionGroupType = wrapper.xcdatamodel;
		};
/* End XCVersionGroup section */
	};
	rootObject = 241C37FD2140C5F40062DCD3 /* Project object */;
}
